// !$*UTF8*$!
{
	archiveVersion = 1;
	classes = {
	};
	objectVersion = 46;
	objects = {

/* Begin PBXBuildFile section */
		360B93F81C6E2593009CEF78 /* ATM 1.png in Resources */ = {isa = PBXBuildFile; fileRef = 360B93F21C6E2593009CEF78 /* ATM 1.png */; };
		360B93F91C6E2593009CEF78 /* ATM 2.png in Resources */ = {isa = PBXBuildFile; fileRef = 360B93F31C6E2593009CEF78 /* ATM 2.png */; };
		360B93FA1C6E2593009CEF78 /* ATM 3.png in Resources */ = {isa = PBXBuildFile; fileRef = 360B93F41C6E2593009CEF78 /* ATM 3.png */; };
		360B93FB1C6E2593009CEF78 /* ATM 4.png in Resources */ = {isa = PBXBuildFile; fileRef = 360B93F51C6E2593009CEF78 /* ATM 4.png */; };
		360B93FC1C6E2593009CEF78 /* ATM 5.png in Resources */ = {isa = PBXBuildFile; fileRef = 360B93F61C6E2593009CEF78 /* ATM 5.png */; };
		360B93FD1C6E2593009CEF78 /* ATM 6.png in Resources */ = {isa = PBXBuildFile; fileRef = 360B93F71C6E2593009CEF78 /* ATM 6.png */; };
		360B94021C6E25CA009CEF78 /* Restrooms 1.png in Resources */ = {isa = PBXBuildFile; fileRef = 360B93FF1C6E25CA009CEF78 /* Restrooms 1.png */; };
		360B94031C6E25CA009CEF78 /* Restrooms 2.png in Resources */ = {isa = PBXBuildFile; fileRef = 360B94001C6E25CA009CEF78 /* Restrooms 2.png */; };
		360B94041C6E25CA009CEF78 /* Restrooms 3.png in Resources */ = {isa = PBXBuildFile; fileRef = 360B94011C6E25CA009CEF78 /* Restrooms 3.png */; };
		360B943A1C6E2609009CEF78 /* A1.png in Resources */ = {isa = PBXBuildFile; fileRef = 360B94061C6E2609009CEF78 /* A1.png */; };
		360B943B1C6E2609009CEF78 /* A2.png in Resources */ = {isa = PBXBuildFile; fileRef = 360B94071C6E2609009CEF78 /* A2.png */; };
		360B943C1C6E2609009CEF78 /* A3.png in Resources */ = {isa = PBXBuildFile; fileRef = 360B94081C6E2609009CEF78 /* A3.png */; };
		360B943D1C6E2609009CEF78 /* A4.png in Resources */ = {isa = PBXBuildFile; fileRef = 360B94091C6E2609009CEF78 /* A4.png */; };
		360B943E1C6E2609009CEF78 /* A5.png in Resources */ = {isa = PBXBuildFile; fileRef = 360B940A1C6E2609009CEF78 /* A5.png */; };
		360B943F1C6E2609009CEF78 /* A6.png in Resources */ = {isa = PBXBuildFile; fileRef = 360B940B1C6E2609009CEF78 /* A6.png */; };
		360B94401C6E2609009CEF78 /* A7.png in Resources */ = {isa = PBXBuildFile; fileRef = 360B940C1C6E2609009CEF78 /* A7.png */; };
		360B94411C6E2609009CEF78 /* A8.png in Resources */ = {isa = PBXBuildFile; fileRef = 360B940D1C6E2609009CEF78 /* A8.png */; };
		360B94421C6E2609009CEF78 /* A9.png in Resources */ = {isa = PBXBuildFile; fileRef = 360B940E1C6E2609009CEF78 /* A9.png */; };
		360B94431C6E2609009CEF78 /* A10.png in Resources */ = {isa = PBXBuildFile; fileRef = 360B940F1C6E2609009CEF78 /* A10.png */; };
		360B94441C6E2609009CEF78 /* A11.png in Resources */ = {isa = PBXBuildFile; fileRef = 360B94101C6E2609009CEF78 /* A11.png */; };
		360B94451C6E2609009CEF78 /* A12.png in Resources */ = {isa = PBXBuildFile; fileRef = 360B94111C6E2609009CEF78 /* A12.png */; };
		360B94461C6E2609009CEF78 /* A13.png in Resources */ = {isa = PBXBuildFile; fileRef = 360B94121C6E2609009CEF78 /* A13.png */; };
		360B94471C6E2609009CEF78 /* A14.png in Resources */ = {isa = PBXBuildFile; fileRef = 360B94131C6E2609009CEF78 /* A14.png */; };
		360B94481C6E2609009CEF78 /* A15.png in Resources */ = {isa = PBXBuildFile; fileRef = 360B94141C6E2609009CEF78 /* A15.png */; };
		360B94491C6E2609009CEF78 /* A16.png in Resources */ = {isa = PBXBuildFile; fileRef = 360B94151C6E2609009CEF78 /* A16.png */; };
		360B944A1C6E2609009CEF78 /* A17.png in Resources */ = {isa = PBXBuildFile; fileRef = 360B94161C6E2609009CEF78 /* A17.png */; };
		360B944B1C6E2609009CEF78 /* A18.png in Resources */ = {isa = PBXBuildFile; fileRef = 360B94171C6E2609009CEF78 /* A18.png */; };
		360B944C1C6E2609009CEF78 /* A19.png in Resources */ = {isa = PBXBuildFile; fileRef = 360B94181C6E2609009CEF78 /* A19.png */; };
		360B944D1C6E2609009CEF78 /* A20.png in Resources */ = {isa = PBXBuildFile; fileRef = 360B94191C6E2609009CEF78 /* A20.png */; };
		360B944E1C6E2609009CEF78 /* A21.png in Resources */ = {isa = PBXBuildFile; fileRef = 360B941A1C6E2609009CEF78 /* A21.png */; };
		360B944F1C6E2609009CEF78 /* A22.png in Resources */ = {isa = PBXBuildFile; fileRef = 360B941B1C6E2609009CEF78 /* A22.png */; };
		360B94501C6E2609009CEF78 /* A23.png in Resources */ = {isa = PBXBuildFile; fileRef = 360B941C1C6E2609009CEF78 /* A23.png */; };
		360B94511C6E2609009CEF78 /* A25.png in Resources */ = {isa = PBXBuildFile; fileRef = 360B941D1C6E2609009CEF78 /* A25.png */; };
		360B94521C6E2609009CEF78 /* A26.png in Resources */ = {isa = PBXBuildFile; fileRef = 360B941E1C6E2609009CEF78 /* A26.png */; };
		360B94531C6E2609009CEF78 /* A27.png in Resources */ = {isa = PBXBuildFile; fileRef = 360B941F1C6E2609009CEF78 /* A27.png */; };
		360B94541C6E2609009CEF78 /* A28.png in Resources */ = {isa = PBXBuildFile; fileRef = 360B94201C6E2609009CEF78 /* A28.png */; };
		360B94551C6E2609009CEF78 /* A29.png in Resources */ = {isa = PBXBuildFile; fileRef = 360B94211C6E2609009CEF78 /* A29.png */; };
		360B94561C6E2609009CEF78 /* A30.png in Resources */ = {isa = PBXBuildFile; fileRef = 360B94221C6E2609009CEF78 /* A30.png */; };
		360B94571C6E2609009CEF78 /* A31.png in Resources */ = {isa = PBXBuildFile; fileRef = 360B94231C6E2609009CEF78 /* A31.png */; };
		360B94581C6E2609009CEF78 /* A32.png in Resources */ = {isa = PBXBuildFile; fileRef = 360B94241C6E2609009CEF78 /* A32.png */; };
		360B94591C6E2609009CEF78 /* A33.png in Resources */ = {isa = PBXBuildFile; fileRef = 360B94251C6E2609009CEF78 /* A33.png */; };
		360B945A1C6E2609009CEF78 /* A34.png in Resources */ = {isa = PBXBuildFile; fileRef = 360B94261C6E2609009CEF78 /* A34.png */; };
		360B945B1C6E2609009CEF78 /* A35.png in Resources */ = {isa = PBXBuildFile; fileRef = 360B94271C6E2609009CEF78 /* A35.png */; };
		360B945C1C6E2609009CEF78 /* A24.png in Resources */ = {isa = PBXBuildFile; fileRef = 360B94281C6E2609009CEF78 /* A24.png */; };
		360B945D1C6E2609009CEF78 /* A36.png in Resources */ = {isa = PBXBuildFile; fileRef = 360B94291C6E2609009CEF78 /* A36.png */; };
		360B945E1C6E2609009CEF78 /* A37.png in Resources */ = {isa = PBXBuildFile; fileRef = 360B942A1C6E2609009CEF78 /* A37.png */; };
		360B945F1C6E2609009CEF78 /* A38.png in Resources */ = {isa = PBXBuildFile; fileRef = 360B942B1C6E2609009CEF78 /* A38.png */; };
		360B94601C6E2609009CEF78 /* A39.png in Resources */ = {isa = PBXBuildFile; fileRef = 360B942C1C6E2609009CEF78 /* A39.png */; };
		360B94611C6E2609009CEF78 /* A40.png in Resources */ = {isa = PBXBuildFile; fileRef = 360B942D1C6E2609009CEF78 /* A40.png */; };
		360B94621C6E2609009CEF78 /* A41.png in Resources */ = {isa = PBXBuildFile; fileRef = 360B942E1C6E2609009CEF78 /* A41.png */; };
		360B94631C6E2609009CEF78 /* A42.png in Resources */ = {isa = PBXBuildFile; fileRef = 360B942F1C6E2609009CEF78 /* A42.png */; };
		360B94641C6E2609009CEF78 /* A43.png in Resources */ = {isa = PBXBuildFile; fileRef = 360B94301C6E2609009CEF78 /* A43.png */; };
		360B94651C6E2609009CEF78 /* A44.png in Resources */ = {isa = PBXBuildFile; fileRef = 360B94311C6E2609009CEF78 /* A44.png */; };
		360B94661C6E2609009CEF78 /* A45.png in Resources */ = {isa = PBXBuildFile; fileRef = 360B94321C6E2609009CEF78 /* A45.png */; };
		360B94671C6E2609009CEF78 /* A46.png in Resources */ = {isa = PBXBuildFile; fileRef = 360B94331C6E2609009CEF78 /* A46.png */; };
		360B94681C6E2609009CEF78 /* A47.png in Resources */ = {isa = PBXBuildFile; fileRef = 360B94341C6E2609009CEF78 /* A47.png */; };
		360B94691C6E2609009CEF78 /* A48.png in Resources */ = {isa = PBXBuildFile; fileRef = 360B94351C6E2609009CEF78 /* A48.png */; };
		360B946A1C6E2609009CEF78 /* A49.png in Resources */ = {isa = PBXBuildFile; fileRef = 360B94361C6E2609009CEF78 /* A49.png */; };
		360B946B1C6E2609009CEF78 /* A50.png in Resources */ = {isa = PBXBuildFile; fileRef = 360B94371C6E2609009CEF78 /* A50.png */; };
		360B946C1C6E2609009CEF78 /* A51.png in Resources */ = {isa = PBXBuildFile; fileRef = 360B94381C6E2609009CEF78 /* A51.png */; };
		360B946D1C6E2609009CEF78 /* A52.png in Resources */ = {isa = PBXBuildFile; fileRef = 360B94391C6E2609009CEF78 /* A52.png */; };
		360B94781C6E263B009CEF78 /* Wine Tent 1.png in Resources */ = {isa = PBXBuildFile; fileRef = 360B946F1C6E263B009CEF78 /* Wine Tent 1.png */; };
		360B94791C6E263B009CEF78 /* Wine Tent 2.png in Resources */ = {isa = PBXBuildFile; fileRef = 360B94701C6E263B009CEF78 /* Wine Tent 2.png */; };
		360B947A1C6E263B009CEF78 /* Wine Tent 3.png in Resources */ = {isa = PBXBuildFile; fileRef = 360B94711C6E263B009CEF78 /* Wine Tent 3.png */; };
		360B947B1C6E263B009CEF78 /* Wine Tent 4.png in Resources */ = {isa = PBXBuildFile; fileRef = 360B94721C6E263B009CEF78 /* Wine Tent 4.png */; };
		360B947C1C6E263B009CEF78 /* Wine Tent 5.png in Resources */ = {isa = PBXBuildFile; fileRef = 360B94731C6E263B009CEF78 /* Wine Tent 5.png */; };
		360B947D1C6E263B009CEF78 /* Wine Tent 6.png in Resources */ = {isa = PBXBuildFile; fileRef = 360B94741C6E263B009CEF78 /* Wine Tent 6.png */; };
		360B947E1C6E263B009CEF78 /* Wine Tent 7.png in Resources */ = {isa = PBXBuildFile; fileRef = 360B94751C6E263B009CEF78 /* Wine Tent 7.png */; };
		360B947F1C6E263B009CEF78 /* Wine Tent 8.png in Resources */ = {isa = PBXBuildFile; fileRef = 360B94761C6E263B009CEF78 /* Wine Tent 8.png */; };
		360B94801C6E263B009CEF78 /* Wine Tent 9.png in Resources */ = {isa = PBXBuildFile; fileRef = 360B94771C6E263B009CEF78 /* Wine Tent 9.png */; };
		360B94931C6E2671009CEF78 /* Recycle 1.png in Resources */ = {isa = PBXBuildFile; fileRef = 360B94821C6E2671009CEF78 /* Recycle 1.png */; };
		360B94941C6E2671009CEF78 /* Recycle 10.png in Resources */ = {isa = PBXBuildFile; fileRef = 360B94831C6E2671009CEF78 /* Recycle 10.png */; };
		360B94951C6E2671009CEF78 /* Recycle 11.png in Resources */ = {isa = PBXBuildFile; fileRef = 360B94841C6E2671009CEF78 /* Recycle 11.png */; };
		360B94961C6E2671009CEF78 /* Recycle 12.png in Resources */ = {isa = PBXBuildFile; fileRef = 360B94851C6E2671009CEF78 /* Recycle 12.png */; };
		360B94971C6E2671009CEF78 /* Recycle 13.png in Resources */ = {isa = PBXBuildFile; fileRef = 360B94861C6E2671009CEF78 /* Recycle 13.png */; };
		360B94981C6E2671009CEF78 /* Recycle 14.png in Resources */ = {isa = PBXBuildFile; fileRef = 360B94871C6E2671009CEF78 /* Recycle 14.png */; };
		360B94991C6E2671009CEF78 /* Recycle 15.png in Resources */ = {isa = PBXBuildFile; fileRef = 360B94881C6E2671009CEF78 /* Recycle 15.png */; };
		360B949A1C6E2671009CEF78 /* Recycle 16.png in Resources */ = {isa = PBXBuildFile; fileRef = 360B94891C6E2671009CEF78 /* Recycle 16.png */; };
		360B949B1C6E2671009CEF78 /* Recycle 2.png in Resources */ = {isa = PBXBuildFile; fileRef = 360B948A1C6E2671009CEF78 /* Recycle 2.png */; };
		360B949C1C6E2671009CEF78 /* Recycle 3.png in Resources */ = {isa = PBXBuildFile; fileRef = 360B948B1C6E2671009CEF78 /* Recycle 3.png */; };
		360B949D1C6E2671009CEF78 /* Recycle 4.png in Resources */ = {isa = PBXBuildFile; fileRef = 360B948C1C6E2671009CEF78 /* Recycle 4.png */; };
		360B949E1C6E2671009CEF78 /* Recycle 5.png in Resources */ = {isa = PBXBuildFile; fileRef = 360B948D1C6E2671009CEF78 /* Recycle 5.png */; };
		360B949F1C6E2671009CEF78 /* Recycle 6.png in Resources */ = {isa = PBXBuildFile; fileRef = 360B948E1C6E2671009CEF78 /* Recycle 6.png */; };
		360B94A01C6E2671009CEF78 /* Recycle 7.png in Resources */ = {isa = PBXBuildFile; fileRef = 360B948F1C6E2671009CEF78 /* Recycle 7.png */; };
		360B94A11C6E2671009CEF78 /* Recycle 8.png in Resources */ = {isa = PBXBuildFile; fileRef = 360B94901C6E2671009CEF78 /* Recycle 8.png */; };
		360B94A21C6E2671009CEF78 /* Recycle 9.png in Resources */ = {isa = PBXBuildFile; fileRef = 360B94911C6E2671009CEF78 /* Recycle 9.png */; };
		360B94A31C6E2671009CEF78 /* Recycle.png in Resources */ = {isa = PBXBuildFile; fileRef = 360B94921C6E2671009CEF78 /* Recycle.png */; };
		360B94AE1C6E26AB009CEF78 /* 1.png in Resources */ = {isa = PBXBuildFile; fileRef = 360B94A51C6E26AB009CEF78 /* 1.png */; };
		360B94AF1C6E26AB009CEF78 /* 2.png in Resources */ = {isa = PBXBuildFile; fileRef = 360B94A61C6E26AB009CEF78 /* 2.png */; };
		360B94B01C6E26AB009CEF78 /* 3.png in Resources */ = {isa = PBXBuildFile; fileRef = 360B94A71C6E26AB009CEF78 /* 3.png */; };
		360B94B11C6E26AB009CEF78 /* 4.png in Resources */ = {isa = PBXBuildFile; fileRef = 360B94A81C6E26AB009CEF78 /* 4.png */; };
		360B94B21C6E26AB009CEF78 /* 5.png in Resources */ = {isa = PBXBuildFile; fileRef = 360B94A91C6E26AB009CEF78 /* 5.png */; };
		360B94B31C6E26AB009CEF78 /* 6.png in Resources */ = {isa = PBXBuildFile; fileRef = 360B94AA1C6E26AB009CEF78 /* 6.png */; };
		360B94B41C6E26AB009CEF78 /* 7.png in Resources */ = {isa = PBXBuildFile; fileRef = 360B94AB1C6E26AB009CEF78 /* 7.png */; };
		360B94B51C6E26AB009CEF78 /* 8.png in Resources */ = {isa = PBXBuildFile; fileRef = 360B94AC1C6E26AB009CEF78 /* 8.png */; };
		360B94B61C6E26AB009CEF78 /* 9.png in Resources */ = {isa = PBXBuildFile; fileRef = 360B94AD1C6E26AB009CEF78 /* 9.png */; };
		360B94D71C6E2724009CEF78 /* Baltimore Sun.png in Resources */ = {isa = PBXBuildFile; fileRef = 360B94B91C6E2724009CEF78 /* Baltimore Sun.png */; };
		360B94D81C6E2724009CEF78 /* Giant Food.png in Resources */ = {isa = PBXBuildFile; fileRef = 360B94BA1C6E2724009CEF78 /* Giant Food.png */; };
		360B94D91C6E2724009CEF78 /* Herb Gordon Subaru.png in Resources */ = {isa = PBXBuildFile; fileRef = 360B94BB1C6E2724009CEF78 /* Herb Gordon Subaru.png */; };
		360B94DA1C6E2724009CEF78 /* Leaf Filter.png in Resources */ = {isa = PBXBuildFile; fileRef = 360B94BC1C6E2724009CEF78 /* Leaf Filter.png */; };
		360B94DB1C6E2724009CEF78 /* Loyola University Maryland.png in Resources */ = {isa = PBXBuildFile; fileRef = 360B94BD1C6E2724009CEF78 /* Loyola University Maryland.png */; };
		360B94DC1C6E2724009CEF78 /* Maryland Live Casino.png in Resources */ = {isa = PBXBuildFile; fileRef = 360B94BE1C6E2724009CEF78 /* Maryland Live Casino.png */; };
		360B94DD1C6E2724009CEF78 /* Maryland Lottery.png in Resources */ = {isa = PBXBuildFile; fileRef = 360B94BF1C6E2724009CEF78 /* Maryland Lottery.png */; };
		360B94DE1C6E2724009CEF78 /* Mid-Atlantic Waterproofing.png in Resources */ = {isa = PBXBuildFile; fileRef = 360B94C01C6E2724009CEF78 /* Mid-Atlantic Waterproofing.png */; };
		360B94DF1C6E2724009CEF78 /* Mix 106.5 WWMX-FM.png in Resources */ = {isa = PBXBuildFile; fileRef = 360B94C11C6E2724009CEF78 /* Mix 106.5 WWMX-FM.png */; };
		360B94E01C6E2724009CEF78 /* Pain and Spine Specialists.png in Resources */ = {isa = PBXBuildFile; fileRef = 360B94C21C6E2724009CEF78 /* Pain and Spine Specialists.png */; };
		360B94E11C6E2724009CEF78 /* Renewal by Anderson.png in Resources */ = {isa = PBXBuildFile; fileRef = 360B94C31C6E2724009CEF78 /* Renewal by Anderson.png */; };
		360B94E21C6E2724009CEF78 /* Smyth Jewelers.png in Resources */ = {isa = PBXBuildFile; fileRef = 360B94C41C6E2724009CEF78 /* Smyth Jewelers.png */; };
		360B94E31C6E2724009CEF78 /* Solar City.png in Resources */ = {isa = PBXBuildFile; fileRef = 360B94C51C6E2724009CEF78 /* Solar City.png */; };
		360B94E41C6E2724009CEF78 /* Verizon Wireless.png in Resources */ = {isa = PBXBuildFile; fileRef = 360B94C61C6E2724009CEF78 /* Verizon Wireless.png */; };
		360B94E51C6E2724009CEF78 /* S1.png in Resources */ = {isa = PBXBuildFile; fileRef = 360B94C71C6E2724009CEF78 /* S1.png */; };
		360B94E61C6E2724009CEF78 /* S2.png in Resources */ = {isa = PBXBuildFile; fileRef = 360B94C81C6E2724009CEF78 /* S2.png */; };
		360B94E71C6E2724009CEF78 /* S3.png in Resources */ = {isa = PBXBuildFile; fileRef = 360B94C91C6E2724009CEF78 /* S3.png */; };
		360B94E81C6E2724009CEF78 /* S4.png in Resources */ = {isa = PBXBuildFile; fileRef = 360B94CA1C6E2724009CEF78 /* S4.png */; };
		360B94E91C6E2724009CEF78 /* S5.png in Resources */ = {isa = PBXBuildFile; fileRef = 360B94CB1C6E2724009CEF78 /* S5.png */; };
		360B94EA1C6E2724009CEF78 /* S6.png in Resources */ = {isa = PBXBuildFile; fileRef = 360B94CC1C6E2724009CEF78 /* S6.png */; };
		360B94EB1C6E2724009CEF78 /* S7.png in Resources */ = {isa = PBXBuildFile; fileRef = 360B94CD1C6E2724009CEF78 /* S7.png */; };
		360B94EC1C6E2724009CEF78 /* S8.png in Resources */ = {isa = PBXBuildFile; fileRef = 360B94CE1C6E2724009CEF78 /* S8.png */; };
		360B94ED1C6E2724009CEF78 /* S9.png in Resources */ = {isa = PBXBuildFile; fileRef = 360B94CF1C6E2724009CEF78 /* S9.png */; };
		360B94EE1C6E2724009CEF78 /* S10.png in Resources */ = {isa = PBXBuildFile; fileRef = 360B94D01C6E2724009CEF78 /* S10.png */; };
		360B94EF1C6E2724009CEF78 /* S11.png in Resources */ = {isa = PBXBuildFile; fileRef = 360B94D11C6E2724009CEF78 /* S11.png */; };
		360B94F01C6E2724009CEF78 /* S12.png in Resources */ = {isa = PBXBuildFile; fileRef = 360B94D21C6E2724009CEF78 /* S12.png */; };
		360B94F11C6E2724009CEF78 /* S13.png in Resources */ = {isa = PBXBuildFile; fileRef = 360B94D31C6E2724009CEF78 /* S13.png */; };
		360B94F21C6E2724009CEF78 /* S14.png in Resources */ = {isa = PBXBuildFile; fileRef = 360B94D41C6E2724009CEF78 /* S14.png */; };
		360B94F31C6E2724009CEF78 /* S15.png in Resources */ = {isa = PBXBuildFile; fileRef = 360B94D51C6E2724009CEF78 /* S15.png */; };
		360B94F41C6E2724009CEF78 /* S16.png in Resources */ = {isa = PBXBuildFile; fileRef = 360B94D61C6E2724009CEF78 /* S16.png */; };
		360B95041C6E29C1009CEF78 /* Photo Booth.png in Resources */ = {isa = PBXBuildFile; fileRef = 360B94F51C6E29C1009CEF78 /* Photo Booth.png */; };
		360B95051C6E29C1009CEF78 /* VIP.png in Resources */ = {isa = PBXBuildFile; fileRef = 360B94F61C6E29C1009CEF78 /* VIP.png */; };
		360B95061C6E29C1009CEF78 /* Wine Check.png in Resources */ = {isa = PBXBuildFile; fileRef = 360B94F71C6E29C1009CEF78 /* Wine Check.png */; };
		360B95071C6E29C1009CEF78 /* Wine Education Tent.png in Resources */ = {isa = PBXBuildFile; fileRef = 360B94F81C6E29C1009CEF78 /* Wine Education Tent.png */; };
		360B95081C6E29C1009CEF78 /* Body Art.png in Resources */ = {isa = PBXBuildFile; fileRef = 360B94F91C6E29C1009CEF78 /* Body Art.png */; };
		360B95091C6E29C1009CEF78 /* Purple Stage.png in Resources */ = {isa = PBXBuildFile; fileRef = 360B94FA1C6E29C1009CEF78 /* Purple Stage.png */; };
		360B950A1C6E29C1009CEF78 /* Information Tent 1.png in Resources */ = {isa = PBXBuildFile; fileRef = 360B94FB1C6E29C1009CEF78 /* Information Tent 1.png */; };
		360B950B1C6E29C1009CEF78 /* Information Tent 2.png in Resources */ = {isa = PBXBuildFile; fileRef = 360B94FC1C6E29C1009CEF78 /* Information Tent 2.png */; };
		360B950C1C6E29C1009CEF78 /* Information.png in Resources */ = {isa = PBXBuildFile; fileRef = 360B94FD1C6E29C1009CEF78 /* Information.png */; };
		360B950D1C6E29C1009CEF78 /* Designated Driver 1.png in Resources */ = {isa = PBXBuildFile; fileRef = 360B94FE1C6E29C1009CEF78 /* Designated Driver 1.png */; };
		360B950E1C6E29C1009CEF78 /* Designated Driver 2.png in Resources */ = {isa = PBXBuildFile; fileRef = 360B94FF1C6E29C1009CEF78 /* Designated Driver 2.png */; };
		360B950F1C6E29C1009CEF78 /* Event Merchandise 1.png in Resources */ = {isa = PBXBuildFile; fileRef = 360B95001C6E29C1009CEF78 /* Event Merchandise 1.png */; };
		360B95101C6E29C1009CEF78 /* Event Merchandise 2.png in Resources */ = {isa = PBXBuildFile; fileRef = 360B95011C6E29C1009CEF78 /* Event Merchandise 2.png */; };
		360B95111C6E29C1009CEF78 /* First Aid.png in Resources */ = {isa = PBXBuildFile; fileRef = 360B95021C6E29C1009CEF78 /* First Aid.png */; };
		360B95121C6E29C1009CEF78 /* Green Stage.png in Resources */ = {isa = PBXBuildFile; fileRef = 360B95031C6E29C1009CEF78 /* Green Stage.png */; };
		360B95281C6E31BF009CEF78 /* A.png in Resources */ = {isa = PBXBuildFile; fileRef = 360B95141C6E31BF009CEF78 /* A.png */; };
		360B95291C6E31BF009CEF78 /* B.png in Resources */ = {isa = PBXBuildFile; fileRef = 360B95151C6E31BF009CEF78 /* B.png */; };
		360B952A1C6E31BF009CEF78 /* C.png in Resources */ = {isa = PBXBuildFile; fileRef = 360B95161C6E31BF009CEF78 /* C.png */; };
		360B952B1C6E31BF009CEF78 /* D.png in Resources */ = {isa = PBXBuildFile; fileRef = 360B95171C6E31BF009CEF78 /* D.png */; };
		360B952C1C6E31BF009CEF78 /* E.png in Resources */ = {isa = PBXBuildFile; fileRef = 360B95181C6E31BF009CEF78 /* E.png */; };
		360B952D1C6E31BF009CEF78 /* F.png in Resources */ = {isa = PBXBuildFile; fileRef = 360B95191C6E31BF009CEF78 /* F.png */; };
		360B952E1C6E31BF009CEF78 /* G.png in Resources */ = {isa = PBXBuildFile; fileRef = 360B951A1C6E31BF009CEF78 /* G.png */; };
		360B952F1C6E31BF009CEF78 /* H.png in Resources */ = {isa = PBXBuildFile; fileRef = 360B951B1C6E31BF009CEF78 /* H.png */; };
		360B95301C6E31BF009CEF78 /* I.png in Resources */ = {isa = PBXBuildFile; fileRef = 360B951C1C6E31BF009CEF78 /* I.png */; };
		360B95311C6E31BF009CEF78 /* J.png in Resources */ = {isa = PBXBuildFile; fileRef = 360B951D1C6E31BF009CEF78 /* J.png */; };
		360B95321C6E31BF009CEF78 /* K.png in Resources */ = {isa = PBXBuildFile; fileRef = 360B951E1C6E31BF009CEF78 /* K.png */; };
		360B95331C6E31BF009CEF78 /* L.png in Resources */ = {isa = PBXBuildFile; fileRef = 360B951F1C6E31BF009CEF78 /* L.png */; };
		360B95341C6E31BF009CEF78 /* M.png in Resources */ = {isa = PBXBuildFile; fileRef = 360B95201C6E31BF009CEF78 /* M.png */; };
		360B95351C6E31BF009CEF78 /* N.png in Resources */ = {isa = PBXBuildFile; fileRef = 360B95211C6E31BF009CEF78 /* N.png */; };
		360B95361C6E31BF009CEF78 /* O.png in Resources */ = {isa = PBXBuildFile; fileRef = 360B95221C6E31BF009CEF78 /* O.png */; };
		360B95371C6E31BF009CEF78 /* P.png in Resources */ = {isa = PBXBuildFile; fileRef = 360B95231C6E31BF009CEF78 /* P.png */; };
		360B95381C6E31BF009CEF78 /* Q.png in Resources */ = {isa = PBXBuildFile; fileRef = 360B95241C6E31BF009CEF78 /* Q.png */; };
		360B95391C6E31BF009CEF78 /* R.png in Resources */ = {isa = PBXBuildFile; fileRef = 360B95251C6E31BF009CEF78 /* R.png */; };
		360B953A1C6E31BF009CEF78 /* S.png in Resources */ = {isa = PBXBuildFile; fileRef = 360B95261C6E31BF009CEF78 /* S.png */; };
		360B953B1C6E31BF009CEF78 /* T.png in Resources */ = {isa = PBXBuildFile; fileRef = 360B95271C6E31BF009CEF78 /* T.png */; };
		360B953E1C6E34AB009CEF78 /* P1.png in Resources */ = {isa = PBXBuildFile; fileRef = 360B953D1C6E34AB009CEF78 /* P1.png */; };
		36203B8D1C9300B0002AD265 /* witw header.jpg in Resources */ = {isa = PBXBuildFile; fileRef = 36203B8C1C9300B0002AD265 /* witw header.jpg */; };
		362AE72C1C735E8E00B1000F /* Launch Screen.storyboard in Resources */ = {isa = PBXBuildFile; fileRef = 362AE72B1C735E8E00B1000F /* Launch Screen.storyboard */; };
		362AE72E1C735F5B00B1000F /* WineBottle.jpg in Resources */ = {isa = PBXBuildFile; fileRef = 362AE72D1C735F5B00B1000F /* WineBottle.jpg */; };
		362AE7301C736D5000B1000F /* wiw.png in Resources */ = {isa = PBXBuildFile; fileRef = 362AE72F1C736D5000B1000F /* wiw.png */; };
		362EAC811C6A2A96003BE462 /* AppDelegate.swift in Sources */ = {isa = PBXBuildFile; fileRef = 362EAC801C6A2A96003BE462 /* AppDelegate.swift */; };
		362EAC831C6A2A96003BE462 /* ViewController.swift in Sources */ = {isa = PBXBuildFile; fileRef = 362EAC821C6A2A96003BE462 /* ViewController.swift */; };
		362EAC881C6A2A96003BE462 /* Assets.xcassets in Resources */ = {isa = PBXBuildFile; fileRef = 362EAC871C6A2A96003BE462 /* Assets.xcassets */; };
		362EAC931C6A2F7E003BE462 /* Poster.jpg in Resources */ = {isa = PBXBuildFile; fileRef = 362EAC921C6A2F7E003BE462 /* Poster.jpg */; };
		362EAC961C6A6517003BE462 /* CustomTableViewCell.swift in Sources */ = {isa = PBXBuildFile; fileRef = 362EAC951C6A6517003BE462 /* CustomTableViewCell.swift */; };
		362EAC981C6A6648003BE462 /* Winery_Tab.png in Resources */ = {isa = PBXBuildFile; fileRef = 362EAC971C6A6648003BE462 /* Winery_Tab.png */; };
		362EAC9A1C6A7002003BE462 /* Music.png in Resources */ = {isa = PBXBuildFile; fileRef = 362EAC991C6A7002003BE462 /* Music.png */; };
		362EAC9C1C6A700E003BE462 /* Sponsors.png in Resources */ = {isa = PBXBuildFile; fileRef = 362EAC9B1C6A700E003BE462 /* Sponsors.png */; };
		362EAC9E1C6A7017003BE462 /* Winery.png in Resources */ = {isa = PBXBuildFile; fileRef = 362EAC9D1C6A7017003BE462 /* Winery.png */; };
		362EACA01C6A7025003BE462 /* Crafter.png in Resources */ = {isa = PBXBuildFile; fileRef = 362EAC9F1C6A7025003BE462 /* Crafter.png */; };
		362EACA21C6A703B003BE462 /* Other.png in Resources */ = {isa = PBXBuildFile; fileRef = 362EACA11C6A703B003BE462 /* Other.png */; };
		362EACA41C6A7045003BE462 /* Direction.png in Resources */ = {isa = PBXBuildFile; fileRef = 362EACA31C6A7045003BE462 /* Direction.png */; };
		362EACA61C6A7099003BE462 /* Food.png in Resources */ = {isa = PBXBuildFile; fileRef = 362EACA51C6A7099003BE462 /* Food.png */; };
		364A9CFF1CCA6A7E00F4DB65 /* LaunchImage640x960.png in Resources */ = {isa = PBXBuildFile; fileRef = 364A9CFD1CCA6A7E00F4DB65 /* LaunchImage640x960.png */; };
		364A9D001CCA6A7E00F4DB65 /* LaunchImage640x1136.png in Resources */ = {isa = PBXBuildFile; fileRef = 364A9CFE1CCA6A7E00F4DB65 /* LaunchImage640x1136.png */; };
		364A9D021CCA8B9A00F4DB65 /* WITW in Resources */ = {isa = PBXBuildFile; fileRef = 364A9D011CCA8B9A00F4DB65 /* WITW */; };
		3656E4091C6BCFD100E186B8 /* Food_Tab.png in Resources */ = {isa = PBXBuildFile; fileRef = 3656E4081C6BCFD100E186B8 /* Food_Tab.png */; };
		3656E40B1C6BD05000E186B8 /* Music_Tab.png in Resources */ = {isa = PBXBuildFile; fileRef = 3656E40A1C6BD05000E186B8 /* Music_Tab.png */; };
		3656E40D1C6BD0BE00E186B8 /* Crafter_Tab.png in Resources */ = {isa = PBXBuildFile; fileRef = 3656E40C1C6BD0BE00E186B8 /* Crafter_Tab.png */; };
		3656E40F1C6BD10D00E186B8 /* Other_Tab.png in Resources */ = {isa = PBXBuildFile; fileRef = 3656E40E1C6BD10D00E186B8 /* Other_Tab.png */; };
		3656E4111C6BD14100E186B8 /* Sponsors_Tab.png in Resources */ = {isa = PBXBuildFile; fileRef = 3656E4101C6BD14100E186B8 /* Sponsors_Tab.png */; };
		3658C1A01C7BA96500ADAD70 /* Arrow_Left.png in Resources */ = {isa = PBXBuildFile; fileRef = 3658C19F1C7BA96500ADAD70 /* Arrow_Left.png */; };
		3658C1A21C7BAC3500ADAD70 /* List_White.png in Resources */ = {isa = PBXBuildFile; fileRef = 3658C1A11C7BAC3500ADAD70 /* List_White.png */; };
		367383191C6ADC7B00803C33 /* LocationModel.swift in Sources */ = {isa = PBXBuildFile; fileRef = 367383181C6ADC7B00803C33 /* LocationModel.swift */; };
		3673831B1C6ADE8900803C33 /* HomeModel.swift in Sources */ = {isa = PBXBuildFile; fileRef = 3673831A1C6ADE8900803C33 /* HomeModel.swift */; };
		36C1EC521C89CAF800707D34 /* 852-map.png in Resources */ = {isa = PBXBuildFile; fileRef = 36C1EC501C89CAF800707D34 /* 852-map.png */; };
		36C1EC531C89CAF800707D34 /* 881-globe.png in Resources */ = {isa = PBXBuildFile; fileRef = 36C1EC511C89CAF800707D34 /* 881-globe.png */; };
		36C1EC551C89CBFE00707D34 /* 715-globe.png in Resources */ = {isa = PBXBuildFile; fileRef = 36C1EC541C89CBFE00707D34 /* 715-globe.png */; };
		36C1EC571C89EFB600707D34 /* 750-home.png in Resources */ = {isa = PBXBuildFile; fileRef = 36C1EC561C89EFB600707D34 /* 750-home.png */; };
		36C1EC591C8A14A000707D34 /* 735-phone.png in Resources */ = {isa = PBXBuildFile; fileRef = 36C1EC581C8A14A000707D34 /* 735-phone.png */; };
		36D3755B1C6ECD8F00526BE3 /* MapPin.swift in Sources */ = {isa = PBXBuildFile; fileRef = 36D3755A1C6ECD8F00526BE3 /* MapPin.swift */; };
		36EAE5D01C6CC7D300F79B52 /* Map_Tab.png in Resources */ = {isa = PBXBuildFile; fileRef = 36EAE5CF1C6CC7D300F79B52 /* Map_Tab.png */; };
		36EAE5D21C6CCB0B00F79B52 /* Location_Tab.png in Resources */ = {isa = PBXBuildFile; fileRef = 36EAE5D11C6CCB0B00F79B52 /* Location_Tab.png */; };
		36EAE5D41C6CCEA300F79B52 /* Left_Tab.png in Resources */ = {isa = PBXBuildFile; fileRef = 36EAE5D31C6CCEA300F79B52 /* Left_Tab.png */; };
		36EAE5D61C6CE42500F79B52 /* HC_Tab.png in Resources */ = {isa = PBXBuildFile; fileRef = 36EAE5D51C6CE42500F79B52 /* HC_Tab.png */; };
		36EAE5D81C6D300800F79B52 /* Checkedbox.png in Resources */ = {isa = PBXBuildFile; fileRef = 36EAE5D71C6D300800F79B52 /* Checkedbox.png */; };
		36EAE5DA1C6D301100F79B52 /* Uncheckbox.png in Resources */ = {isa = PBXBuildFile; fileRef = 36EAE5D91C6D301100F79B52 /* Uncheckbox.png */; };
/* End PBXBuildFile section */

/* Begin PBXFileReference section */
		360B93F21C6E2593009CEF78 /* ATM 1.png */ = {isa = PBXFileReference; lastKnownFileType = image.png; path = "ATM 1.png"; sourceTree = "<group>"; };
		360B93F31C6E2593009CEF78 /* ATM 2.png */ = {isa = PBXFileReference; lastKnownFileType = image.png; path = "ATM 2.png"; sourceTree = "<group>"; };
		360B93F41C6E2593009CEF78 /* ATM 3.png */ = {isa = PBXFileReference; lastKnownFileType = image.png; path = "ATM 3.png"; sourceTree = "<group>"; };
		360B93F51C6E2593009CEF78 /* ATM 4.png */ = {isa = PBXFileReference; lastKnownFileType = image.png; path = "ATM 4.png"; sourceTree = "<group>"; };
		360B93F61C6E2593009CEF78 /* ATM 5.png */ = {isa = PBXFileReference; lastKnownFileType = image.png; path = "ATM 5.png"; sourceTree = "<group>"; };
		360B93F71C6E2593009CEF78 /* ATM 6.png */ = {isa = PBXFileReference; lastKnownFileType = image.png; path = "ATM 6.png"; sourceTree = "<group>"; };
		360B93FF1C6E25CA009CEF78 /* Restrooms 1.png */ = {isa = PBXFileReference; lastKnownFileType = image.png; path = "Restrooms 1.png"; sourceTree = "<group>"; };
		360B94001C6E25CA009CEF78 /* Restrooms 2.png */ = {isa = PBXFileReference; lastKnownFileType = image.png; path = "Restrooms 2.png"; sourceTree = "<group>"; };
		360B94011C6E25CA009CEF78 /* Restrooms 3.png */ = {isa = PBXFileReference; lastKnownFileType = image.png; path = "Restrooms 3.png"; sourceTree = "<group>"; };
		360B94061C6E2609009CEF78 /* A1.png */ = {isa = PBXFileReference; lastKnownFileType = image.png; path = A1.png; sourceTree = "<group>"; };
		360B94071C6E2609009CEF78 /* A2.png */ = {isa = PBXFileReference; lastKnownFileType = image.png; path = A2.png; sourceTree = "<group>"; };
		360B94081C6E2609009CEF78 /* A3.png */ = {isa = PBXFileReference; lastKnownFileType = image.png; path = A3.png; sourceTree = "<group>"; };
		360B94091C6E2609009CEF78 /* A4.png */ = {isa = PBXFileReference; lastKnownFileType = image.png; path = A4.png; sourceTree = "<group>"; };
		360B940A1C6E2609009CEF78 /* A5.png */ = {isa = PBXFileReference; lastKnownFileType = image.png; path = A5.png; sourceTree = "<group>"; };
		360B940B1C6E2609009CEF78 /* A6.png */ = {isa = PBXFileReference; lastKnownFileType = image.png; path = A6.png; sourceTree = "<group>"; };
		360B940C1C6E2609009CEF78 /* A7.png */ = {isa = PBXFileReference; lastKnownFileType = image.png; path = A7.png; sourceTree = "<group>"; };
		360B940D1C6E2609009CEF78 /* A8.png */ = {isa = PBXFileReference; lastKnownFileType = image.png; path = A8.png; sourceTree = "<group>"; };
		360B940E1C6E2609009CEF78 /* A9.png */ = {isa = PBXFileReference; lastKnownFileType = image.png; path = A9.png; sourceTree = "<group>"; };
		360B940F1C6E2609009CEF78 /* A10.png */ = {isa = PBXFileReference; lastKnownFileType = image.png; path = A10.png; sourceTree = "<group>"; };
		360B94101C6E2609009CEF78 /* A11.png */ = {isa = PBXFileReference; lastKnownFileType = image.png; path = A11.png; sourceTree = "<group>"; };
		360B94111C6E2609009CEF78 /* A12.png */ = {isa = PBXFileReference; lastKnownFileType = image.png; path = A12.png; sourceTree = "<group>"; };
		360B94121C6E2609009CEF78 /* A13.png */ = {isa = PBXFileReference; lastKnownFileType = image.png; path = A13.png; sourceTree = "<group>"; };
		360B94131C6E2609009CEF78 /* A14.png */ = {isa = PBXFileReference; lastKnownFileType = image.png; path = A14.png; sourceTree = "<group>"; };
		360B94141C6E2609009CEF78 /* A15.png */ = {isa = PBXFileReference; lastKnownFileType = image.png; path = A15.png; sourceTree = "<group>"; };
		360B94151C6E2609009CEF78 /* A16.png */ = {isa = PBXFileReference; lastKnownFileType = image.png; path = A16.png; sourceTree = "<group>"; };
		360B94161C6E2609009CEF78 /* A17.png */ = {isa = PBXFileReference; lastKnownFileType = image.png; path = A17.png; sourceTree = "<group>"; };
		360B94171C6E2609009CEF78 /* A18.png */ = {isa = PBXFileReference; lastKnownFileType = image.png; path = A18.png; sourceTree = "<group>"; };
		360B94181C6E2609009CEF78 /* A19.png */ = {isa = PBXFileReference; lastKnownFileType = image.png; path = A19.png; sourceTree = "<group>"; };
		360B94191C6E2609009CEF78 /* A20.png */ = {isa = PBXFileReference; lastKnownFileType = image.png; path = A20.png; sourceTree = "<group>"; };
		360B941A1C6E2609009CEF78 /* A21.png */ = {isa = PBXFileReference; lastKnownFileType = image.png; path = A21.png; sourceTree = "<group>"; };
		360B941B1C6E2609009CEF78 /* A22.png */ = {isa = PBXFileReference; lastKnownFileType = image.png; path = A22.png; sourceTree = "<group>"; };
		360B941C1C6E2609009CEF78 /* A23.png */ = {isa = PBXFileReference; lastKnownFileType = image.png; path = A23.png; sourceTree = "<group>"; };
		360B941D1C6E2609009CEF78 /* A25.png */ = {isa = PBXFileReference; lastKnownFileType = image.png; path = A25.png; sourceTree = "<group>"; };
		360B941E1C6E2609009CEF78 /* A26.png */ = {isa = PBXFileReference; lastKnownFileType = image.png; path = A26.png; sourceTree = "<group>"; };
		360B941F1C6E2609009CEF78 /* A27.png */ = {isa = PBXFileReference; lastKnownFileType = image.png; path = A27.png; sourceTree = "<group>"; };
		360B94201C6E2609009CEF78 /* A28.png */ = {isa = PBXFileReference; lastKnownFileType = image.png; path = A28.png; sourceTree = "<group>"; };
		360B94211C6E2609009CEF78 /* A29.png */ = {isa = PBXFileReference; lastKnownFileType = image.png; path = A29.png; sourceTree = "<group>"; };
		360B94221C6E2609009CEF78 /* A30.png */ = {isa = PBXFileReference; lastKnownFileType = image.png; path = A30.png; sourceTree = "<group>"; };
		360B94231C6E2609009CEF78 /* A31.png */ = {isa = PBXFileReference; lastKnownFileType = image.png; path = A31.png; sourceTree = "<group>"; };
		360B94241C6E2609009CEF78 /* A32.png */ = {isa = PBXFileReference; lastKnownFileType = image.png; path = A32.png; sourceTree = "<group>"; };
		360B94251C6E2609009CEF78 /* A33.png */ = {isa = PBXFileReference; lastKnownFileType = image.png; path = A33.png; sourceTree = "<group>"; };
		360B94261C6E2609009CEF78 /* A34.png */ = {isa = PBXFileReference; lastKnownFileType = image.png; path = A34.png; sourceTree = "<group>"; };
		360B94271C6E2609009CEF78 /* A35.png */ = {isa = PBXFileReference; lastKnownFileType = image.png; path = A35.png; sourceTree = "<group>"; };
		360B94281C6E2609009CEF78 /* A24.png */ = {isa = PBXFileReference; lastKnownFileType = image.png; path = A24.png; sourceTree = "<group>"; };
		360B94291C6E2609009CEF78 /* A36.png */ = {isa = PBXFileReference; lastKnownFileType = image.png; path = A36.png; sourceTree = "<group>"; };
		360B942A1C6E2609009CEF78 /* A37.png */ = {isa = PBXFileReference; lastKnownFileType = image.png; path = A37.png; sourceTree = "<group>"; };
		360B942B1C6E2609009CEF78 /* A38.png */ = {isa = PBXFileReference; lastKnownFileType = image.png; path = A38.png; sourceTree = "<group>"; };
		360B942C1C6E2609009CEF78 /* A39.png */ = {isa = PBXFileReference; lastKnownFileType = image.png; path = A39.png; sourceTree = "<group>"; };
		360B942D1C6E2609009CEF78 /* A40.png */ = {isa = PBXFileReference; lastKnownFileType = image.png; path = A40.png; sourceTree = "<group>"; };
		360B942E1C6E2609009CEF78 /* A41.png */ = {isa = PBXFileReference; lastKnownFileType = image.png; path = A41.png; sourceTree = "<group>"; };
		360B942F1C6E2609009CEF78 /* A42.png */ = {isa = PBXFileReference; lastKnownFileType = image.png; path = A42.png; sourceTree = "<group>"; };
		360B94301C6E2609009CEF78 /* A43.png */ = {isa = PBXFileReference; lastKnownFileType = image.png; path = A43.png; sourceTree = "<group>"; };
		360B94311C6E2609009CEF78 /* A44.png */ = {isa = PBXFileReference; lastKnownFileType = image.png; path = A44.png; sourceTree = "<group>"; };
		360B94321C6E2609009CEF78 /* A45.png */ = {isa = PBXFileReference; lastKnownFileType = image.png; path = A45.png; sourceTree = "<group>"; };
		360B94331C6E2609009CEF78 /* A46.png */ = {isa = PBXFileReference; lastKnownFileType = image.png; path = A46.png; sourceTree = "<group>"; };
		360B94341C6E2609009CEF78 /* A47.png */ = {isa = PBXFileReference; lastKnownFileType = image.png; path = A47.png; sourceTree = "<group>"; };
		360B94351C6E2609009CEF78 /* A48.png */ = {isa = PBXFileReference; lastKnownFileType = image.png; path = A48.png; sourceTree = "<group>"; };
		360B94361C6E2609009CEF78 /* A49.png */ = {isa = PBXFileReference; lastKnownFileType = image.png; path = A49.png; sourceTree = "<group>"; };
		360B94371C6E2609009CEF78 /* A50.png */ = {isa = PBXFileReference; lastKnownFileType = image.png; path = A50.png; sourceTree = "<group>"; };
		360B94381C6E2609009CEF78 /* A51.png */ = {isa = PBXFileReference; lastKnownFileType = image.png; path = A51.png; sourceTree = "<group>"; };
		360B94391C6E2609009CEF78 /* A52.png */ = {isa = PBXFileReference; lastKnownFileType = image.png; path = A52.png; sourceTree = "<group>"; };
		360B946F1C6E263B009CEF78 /* Wine Tent 1.png */ = {isa = PBXFileReference; lastKnownFileType = image.png; path = "Wine Tent 1.png"; sourceTree = "<group>"; };
		360B94701C6E263B009CEF78 /* Wine Tent 2.png */ = {isa = PBXFileReference; lastKnownFileType = image.png; path = "Wine Tent 2.png"; sourceTree = "<group>"; };
		360B94711C6E263B009CEF78 /* Wine Tent 3.png */ = {isa = PBXFileReference; lastKnownFileType = image.png; path = "Wine Tent 3.png"; sourceTree = "<group>"; };
		360B94721C6E263B009CEF78 /* Wine Tent 4.png */ = {isa = PBXFileReference; lastKnownFileType = image.png; path = "Wine Tent 4.png"; sourceTree = "<group>"; };
		360B94731C6E263B009CEF78 /* Wine Tent 5.png */ = {isa = PBXFileReference; lastKnownFileType = image.png; path = "Wine Tent 5.png"; sourceTree = "<group>"; };
		360B94741C6E263B009CEF78 /* Wine Tent 6.png */ = {isa = PBXFileReference; lastKnownFileType = image.png; path = "Wine Tent 6.png"; sourceTree = "<group>"; };
		360B94751C6E263B009CEF78 /* Wine Tent 7.png */ = {isa = PBXFileReference; lastKnownFileType = image.png; path = "Wine Tent 7.png"; sourceTree = "<group>"; };
		360B94761C6E263B009CEF78 /* Wine Tent 8.png */ = {isa = PBXFileReference; lastKnownFileType = image.png; path = "Wine Tent 8.png"; sourceTree = "<group>"; };
		360B94771C6E263B009CEF78 /* Wine Tent 9.png */ = {isa = PBXFileReference; lastKnownFileType = image.png; path = "Wine Tent 9.png"; sourceTree = "<group>"; };
		360B94821C6E2671009CEF78 /* Recycle 1.png */ = {isa = PBXFileReference; lastKnownFileType = image.png; path = "Recycle 1.png"; sourceTree = "<group>"; };
		360B94831C6E2671009CEF78 /* Recycle 10.png */ = {isa = PBXFileReference; lastKnownFileType = image.png; path = "Recycle 10.png"; sourceTree = "<group>"; };
		360B94841C6E2671009CEF78 /* Recycle 11.png */ = {isa = PBXFileReference; lastKnownFileType = image.png; path = "Recycle 11.png"; sourceTree = "<group>"; };
		360B94851C6E2671009CEF78 /* Recycle 12.png */ = {isa = PBXFileReference; lastKnownFileType = image.png; path = "Recycle 12.png"; sourceTree = "<group>"; };
		360B94861C6E2671009CEF78 /* Recycle 13.png */ = {isa = PBXFileReference; lastKnownFileType = image.png; path = "Recycle 13.png"; sourceTree = "<group>"; };
		360B94871C6E2671009CEF78 /* Recycle 14.png */ = {isa = PBXFileReference; lastKnownFileType = image.png; path = "Recycle 14.png"; sourceTree = "<group>"; };
		360B94881C6E2671009CEF78 /* Recycle 15.png */ = {isa = PBXFileReference; lastKnownFileType = image.png; path = "Recycle 15.png"; sourceTree = "<group>"; };
		360B94891C6E2671009CEF78 /* Recycle 16.png */ = {isa = PBXFileReference; lastKnownFileType = image.png; path = "Recycle 16.png"; sourceTree = "<group>"; };
		360B948A1C6E2671009CEF78 /* Recycle 2.png */ = {isa = PBXFileReference; lastKnownFileType = image.png; path = "Recycle 2.png"; sourceTree = "<group>"; };
		360B948B1C6E2671009CEF78 /* Recycle 3.png */ = {isa = PBXFileReference; lastKnownFileType = image.png; path = "Recycle 3.png"; sourceTree = "<group>"; };
		360B948C1C6E2671009CEF78 /* Recycle 4.png */ = {isa = PBXFileReference; lastKnownFileType = image.png; path = "Recycle 4.png"; sourceTree = "<group>"; };
		360B948D1C6E2671009CEF78 /* Recycle 5.png */ = {isa = PBXFileReference; lastKnownFileType = image.png; path = "Recycle 5.png"; sourceTree = "<group>"; };
		360B948E1C6E2671009CEF78 /* Recycle 6.png */ = {isa = PBXFileReference; lastKnownFileType = image.png; path = "Recycle 6.png"; sourceTree = "<group>"; };
		360B948F1C6E2671009CEF78 /* Recycle 7.png */ = {isa = PBXFileReference; lastKnownFileType = image.png; path = "Recycle 7.png"; sourceTree = "<group>"; };
		360B94901C6E2671009CEF78 /* Recycle 8.png */ = {isa = PBXFileReference; lastKnownFileType = image.png; path = "Recycle 8.png"; sourceTree = "<group>"; };
		360B94911C6E2671009CEF78 /* Recycle 9.png */ = {isa = PBXFileReference; lastKnownFileType = image.png; path = "Recycle 9.png"; sourceTree = "<group>"; };
		360B94921C6E2671009CEF78 /* Recycle.png */ = {isa = PBXFileReference; lastKnownFileType = image.png; path = Recycle.png; sourceTree = "<group>"; };
		360B94A51C6E26AB009CEF78 /* 1.png */ = {isa = PBXFileReference; lastKnownFileType = image.png; path = 1.png; sourceTree = "<group>"; };
		360B94A61C6E26AB009CEF78 /* 2.png */ = {isa = PBXFileReference; lastKnownFileType = image.png; path = 2.png; sourceTree = "<group>"; };
		360B94A71C6E26AB009CEF78 /* 3.png */ = {isa = PBXFileReference; lastKnownFileType = image.png; path = 3.png; sourceTree = "<group>"; };
		360B94A81C6E26AB009CEF78 /* 4.png */ = {isa = PBXFileReference; lastKnownFileType = image.png; path = 4.png; sourceTree = "<group>"; };
		360B94A91C6E26AB009CEF78 /* 5.png */ = {isa = PBXFileReference; lastKnownFileType = image.png; path = 5.png; sourceTree = "<group>"; };
		360B94AA1C6E26AB009CEF78 /* 6.png */ = {isa = PBXFileReference; lastKnownFileType = image.png; path = 6.png; sourceTree = "<group>"; };
		360B94AB1C6E26AB009CEF78 /* 7.png */ = {isa = PBXFileReference; lastKnownFileType = image.png; path = 7.png; sourceTree = "<group>"; };
		360B94AC1C6E26AB009CEF78 /* 8.png */ = {isa = PBXFileReference; lastKnownFileType = image.png; path = 8.png; sourceTree = "<group>"; };
		360B94AD1C6E26AB009CEF78 /* 9.png */ = {isa = PBXFileReference; lastKnownFileType = image.png; path = 9.png; sourceTree = "<group>"; };
		360B94B91C6E2724009CEF78 /* Baltimore Sun.png */ = {isa = PBXFileReference; lastKnownFileType = image.png; path = "Baltimore Sun.png"; sourceTree = "<group>"; };
		360B94BA1C6E2724009CEF78 /* Giant Food.png */ = {isa = PBXFileReference; lastKnownFileType = image.png; path = "Giant Food.png"; sourceTree = "<group>"; };
		360B94BB1C6E2724009CEF78 /* Herb Gordon Subaru.png */ = {isa = PBXFileReference; lastKnownFileType = image.png; path = "Herb Gordon Subaru.png"; sourceTree = "<group>"; };
		360B94BC1C6E2724009CEF78 /* Leaf Filter.png */ = {isa = PBXFileReference; lastKnownFileType = image.png; path = "Leaf Filter.png"; sourceTree = "<group>"; };
		360B94BD1C6E2724009CEF78 /* Loyola University Maryland.png */ = {isa = PBXFileReference; lastKnownFileType = image.png; path = "Loyola University Maryland.png"; sourceTree = "<group>"; };
		360B94BE1C6E2724009CEF78 /* Maryland Live Casino.png */ = {isa = PBXFileReference; lastKnownFileType = image.png; path = "Maryland Live Casino.png"; sourceTree = "<group>"; };
		360B94BF1C6E2724009CEF78 /* Maryland Lottery.png */ = {isa = PBXFileReference; lastKnownFileType = image.png; path = "Maryland Lottery.png"; sourceTree = "<group>"; };
		360B94C01C6E2724009CEF78 /* Mid-Atlantic Waterproofing.png */ = {isa = PBXFileReference; lastKnownFileType = image.png; path = "Mid-Atlantic Waterproofing.png"; sourceTree = "<group>"; };
		360B94C11C6E2724009CEF78 /* Mix 106.5 WWMX-FM.png */ = {isa = PBXFileReference; lastKnownFileType = image.png; path = "Mix 106.5 WWMX-FM.png"; sourceTree = "<group>"; };
		360B94C21C6E2724009CEF78 /* Pain and Spine Specialists.png */ = {isa = PBXFileReference; lastKnownFileType = image.png; path = "Pain and Spine Specialists.png"; sourceTree = "<group>"; };
		360B94C31C6E2724009CEF78 /* Renewal by Anderson.png */ = {isa = PBXFileReference; lastKnownFileType = image.png; path = "Renewal by Anderson.png"; sourceTree = "<group>"; };
		360B94C41C6E2724009CEF78 /* Smyth Jewelers.png */ = {isa = PBXFileReference; lastKnownFileType = image.png; path = "Smyth Jewelers.png"; sourceTree = "<group>"; };
		360B94C51C6E2724009CEF78 /* Solar City.png */ = {isa = PBXFileReference; lastKnownFileType = image.png; path = "Solar City.png"; sourceTree = "<group>"; };
		360B94C61C6E2724009CEF78 /* Verizon Wireless.png */ = {isa = PBXFileReference; lastKnownFileType = image.png; path = "Verizon Wireless.png"; sourceTree = "<group>"; };
		360B94C71C6E2724009CEF78 /* S1.png */ = {isa = PBXFileReference; lastKnownFileType = image.png; path = S1.png; sourceTree = "<group>"; };
		360B94C81C6E2724009CEF78 /* S2.png */ = {isa = PBXFileReference; lastKnownFileType = image.png; path = S2.png; sourceTree = "<group>"; };
		360B94C91C6E2724009CEF78 /* S3.png */ = {isa = PBXFileReference; lastKnownFileType = image.png; path = S3.png; sourceTree = "<group>"; };
		360B94CA1C6E2724009CEF78 /* S4.png */ = {isa = PBXFileReference; lastKnownFileType = image.png; path = S4.png; sourceTree = "<group>"; };
		360B94CB1C6E2724009CEF78 /* S5.png */ = {isa = PBXFileReference; lastKnownFileType = image.png; path = S5.png; sourceTree = "<group>"; };
		360B94CC1C6E2724009CEF78 /* S6.png */ = {isa = PBXFileReference; lastKnownFileType = image.png; path = S6.png; sourceTree = "<group>"; };
		360B94CD1C6E2724009CEF78 /* S7.png */ = {isa = PBXFileReference; lastKnownFileType = image.png; path = S7.png; sourceTree = "<group>"; };
		360B94CE1C6E2724009CEF78 /* S8.png */ = {isa = PBXFileReference; lastKnownFileType = image.png; path = S8.png; sourceTree = "<group>"; };
		360B94CF1C6E2724009CEF78 /* S9.png */ = {isa = PBXFileReference; lastKnownFileType = image.png; path = S9.png; sourceTree = "<group>"; };
		360B94D01C6E2724009CEF78 /* S10.png */ = {isa = PBXFileReference; lastKnownFileType = image.png; path = S10.png; sourceTree = "<group>"; };
		360B94D11C6E2724009CEF78 /* S11.png */ = {isa = PBXFileReference; lastKnownFileType = image.png; path = S11.png; sourceTree = "<group>"; };
		360B94D21C6E2724009CEF78 /* S12.png */ = {isa = PBXFileReference; lastKnownFileType = image.png; path = S12.png; sourceTree = "<group>"; };
		360B94D31C6E2724009CEF78 /* S13.png */ = {isa = PBXFileReference; lastKnownFileType = image.png; path = S13.png; sourceTree = "<group>"; };
		360B94D41C6E2724009CEF78 /* S14.png */ = {isa = PBXFileReference; lastKnownFileType = image.png; path = S14.png; sourceTree = "<group>"; };
		360B94D51C6E2724009CEF78 /* S15.png */ = {isa = PBXFileReference; lastKnownFileType = image.png; path = S15.png; sourceTree = "<group>"; };
		360B94D61C6E2724009CEF78 /* S16.png */ = {isa = PBXFileReference; lastKnownFileType = image.png; path = S16.png; sourceTree = "<group>"; };
		360B94F51C6E29C1009CEF78 /* Photo Booth.png */ = {isa = PBXFileReference; lastKnownFileType = image.png; path = "Photo Booth.png"; sourceTree = "<group>"; };
		360B94F61C6E29C1009CEF78 /* VIP.png */ = {isa = PBXFileReference; lastKnownFileType = image.png; path = VIP.png; sourceTree = "<group>"; };
		360B94F71C6E29C1009CEF78 /* Wine Check.png */ = {isa = PBXFileReference; lastKnownFileType = image.png; path = "Wine Check.png"; sourceTree = "<group>"; };
		360B94F81C6E29C1009CEF78 /* Wine Education Tent.png */ = {isa = PBXFileReference; lastKnownFileType = image.png; path = "Wine Education Tent.png"; sourceTree = "<group>"; };
		360B94F91C6E29C1009CEF78 /* Body Art.png */ = {isa = PBXFileReference; lastKnownFileType = image.png; path = "Body Art.png"; sourceTree = "<group>"; };
		360B94FA1C6E29C1009CEF78 /* Purple Stage.png */ = {isa = PBXFileReference; lastKnownFileType = image.png; path = "Purple Stage.png"; sourceTree = "<group>"; };
		360B94FB1C6E29C1009CEF78 /* Information Tent 1.png */ = {isa = PBXFileReference; lastKnownFileType = image.png; path = "Information Tent 1.png"; sourceTree = "<group>"; };
		360B94FC1C6E29C1009CEF78 /* Information Tent 2.png */ = {isa = PBXFileReference; lastKnownFileType = image.png; path = "Information Tent 2.png"; sourceTree = "<group>"; };
		360B94FD1C6E29C1009CEF78 /* Information.png */ = {isa = PBXFileReference; lastKnownFileType = image.png; path = Information.png; sourceTree = "<group>"; };
		360B94FE1C6E29C1009CEF78 /* Designated Driver 1.png */ = {isa = PBXFileReference; lastKnownFileType = image.png; path = "Designated Driver 1.png"; sourceTree = "<group>"; };
		360B94FF1C6E29C1009CEF78 /* Designated Driver 2.png */ = {isa = PBXFileReference; lastKnownFileType = image.png; path = "Designated Driver 2.png"; sourceTree = "<group>"; };
		360B95001C6E29C1009CEF78 /* Event Merchandise 1.png */ = {isa = PBXFileReference; lastKnownFileType = image.png; path = "Event Merchandise 1.png"; sourceTree = "<group>"; };
		360B95011C6E29C1009CEF78 /* Event Merchandise 2.png */ = {isa = PBXFileReference; lastKnownFileType = image.png; path = "Event Merchandise 2.png"; sourceTree = "<group>"; };
		360B95021C6E29C1009CEF78 /* First Aid.png */ = {isa = PBXFileReference; lastKnownFileType = image.png; path = "First Aid.png"; sourceTree = "<group>"; };
		360B95031C6E29C1009CEF78 /* Green Stage.png */ = {isa = PBXFileReference; lastKnownFileType = image.png; path = "Green Stage.png"; sourceTree = "<group>"; };
		360B95141C6E31BF009CEF78 /* A.png */ = {isa = PBXFileReference; lastKnownFileType = image.png; path = A.png; sourceTree = "<group>"; };
		360B95151C6E31BF009CEF78 /* B.png */ = {isa = PBXFileReference; lastKnownFileType = image.png; path = B.png; sourceTree = "<group>"; };
		360B95161C6E31BF009CEF78 /* C.png */ = {isa = PBXFileReference; lastKnownFileType = image.png; path = C.png; sourceTree = "<group>"; };
		360B95171C6E31BF009CEF78 /* D.png */ = {isa = PBXFileReference; lastKnownFileType = image.png; path = D.png; sourceTree = "<group>"; };
		360B95181C6E31BF009CEF78 /* E.png */ = {isa = PBXFileReference; lastKnownFileType = image.png; path = E.png; sourceTree = "<group>"; };
		360B95191C6E31BF009CEF78 /* F.png */ = {isa = PBXFileReference; lastKnownFileType = image.png; path = F.png; sourceTree = "<group>"; };
		360B951A1C6E31BF009CEF78 /* G.png */ = {isa = PBXFileReference; lastKnownFileType = image.png; path = G.png; sourceTree = "<group>"; };
		360B951B1C6E31BF009CEF78 /* H.png */ = {isa = PBXFileReference; lastKnownFileType = image.png; path = H.png; sourceTree = "<group>"; };
		360B951C1C6E31BF009CEF78 /* I.png */ = {isa = PBXFileReference; lastKnownFileType = image.png; path = I.png; sourceTree = "<group>"; };
		360B951D1C6E31BF009CEF78 /* J.png */ = {isa = PBXFileReference; lastKnownFileType = image.png; path = J.png; sourceTree = "<group>"; };
		360B951E1C6E31BF009CEF78 /* K.png */ = {isa = PBXFileReference; lastKnownFileType = image.png; path = K.png; sourceTree = "<group>"; };
		360B951F1C6E31BF009CEF78 /* L.png */ = {isa = PBXFileReference; lastKnownFileType = image.png; path = L.png; sourceTree = "<group>"; };
		360B95201C6E31BF009CEF78 /* M.png */ = {isa = PBXFileReference; lastKnownFileType = image.png; path = M.png; sourceTree = "<group>"; };
		360B95211C6E31BF009CEF78 /* N.png */ = {isa = PBXFileReference; lastKnownFileType = image.png; path = N.png; sourceTree = "<group>"; };
		360B95221C6E31BF009CEF78 /* O.png */ = {isa = PBXFileReference; lastKnownFileType = image.png; path = O.png; sourceTree = "<group>"; };
		360B95231C6E31BF009CEF78 /* P.png */ = {isa = PBXFileReference; lastKnownFileType = image.png; path = P.png; sourceTree = "<group>"; };
		360B95241C6E31BF009CEF78 /* Q.png */ = {isa = PBXFileReference; lastKnownFileType = image.png; path = Q.png; sourceTree = "<group>"; };
		360B95251C6E31BF009CEF78 /* R.png */ = {isa = PBXFileReference; lastKnownFileType = image.png; path = R.png; sourceTree = "<group>"; };
		360B95261C6E31BF009CEF78 /* S.png */ = {isa = PBXFileReference; lastKnownFileType = image.png; path = S.png; sourceTree = "<group>"; };
		360B95271C6E31BF009CEF78 /* T.png */ = {isa = PBXFileReference; lastKnownFileType = image.png; path = T.png; sourceTree = "<group>"; };
		360B953D1C6E34AB009CEF78 /* P1.png */ = {isa = PBXFileReference; lastKnownFileType = image.png; path = P1.png; sourceTree = "<group>"; };
		36203B8C1C9300B0002AD265 /* witw header.jpg */ = {isa = PBXFileReference; lastKnownFileType = image.jpeg; path = "witw header.jpg"; sourceTree = "<group>"; };
		362AE72B1C735E8E00B1000F /* Launch Screen.storyboard */ = {isa = PBXFileReference; fileEncoding = 4; lastKnownFileType = file.storyboard; path = "Launch Screen.storyboard"; sourceTree = "<group>"; };
		362AE72D1C735F5B00B1000F /* WineBottle.jpg */ = {isa = PBXFileReference; lastKnownFileType = image.jpeg; path = WineBottle.jpg; sourceTree = "<group>"; };
		362AE72F1C736D5000B1000F /* wiw.png */ = {isa = PBXFileReference; lastKnownFileType = image.png; path = wiw.png; sourceTree = "<group>"; };
		362EAC7D1C6A2A96003BE462 /* WineInTheWoods.app */ = {isa = PBXFileReference; explicitFileType = wrapper.application; includeInIndex = 0; path = WineInTheWoods.app; sourceTree = BUILT_PRODUCTS_DIR; };
		362EAC801C6A2A96003BE462 /* AppDelegate.swift */ = {isa = PBXFileReference; lastKnownFileType = sourcecode.swift; path = AppDelegate.swift; sourceTree = "<group>"; };
		362EAC821C6A2A96003BE462 /* ViewController.swift */ = {isa = PBXFileReference; lastKnownFileType = sourcecode.swift; path = ViewController.swift; sourceTree = "<group>"; };
		362EAC871C6A2A96003BE462 /* Assets.xcassets */ = {isa = PBXFileReference; lastKnownFileType = folder.assetcatalog; path = Assets.xcassets; sourceTree = "<group>"; };
		362EAC8C1C6A2A96003BE462 /* Info.plist */ = {isa = PBXFileReference; lastKnownFileType = text.plist.xml; path = Info.plist; sourceTree = "<group>"; };
		362EAC921C6A2F7E003BE462 /* Poster.jpg */ = {isa = PBXFileReference; lastKnownFileType = image.jpeg; path = Poster.jpg; sourceTree = "<group>"; };
		362EAC951C6A6517003BE462 /* CustomTableViewCell.swift */ = {isa = PBXFileReference; fileEncoding = 4; lastKnownFileType = sourcecode.swift; path = CustomTableViewCell.swift; sourceTree = "<group>"; };
		362EAC971C6A6648003BE462 /* Winery_Tab.png */ = {isa = PBXFileReference; lastKnownFileType = image.png; path = Winery_Tab.png; sourceTree = "<group>"; };
		362EAC991C6A7002003BE462 /* Music.png */ = {isa = PBXFileReference; lastKnownFileType = image.png; path = Music.png; sourceTree = "<group>"; };
		362EAC9B1C6A700E003BE462 /* Sponsors.png */ = {isa = PBXFileReference; lastKnownFileType = image.png; path = Sponsors.png; sourceTree = "<group>"; };
		362EAC9D1C6A7017003BE462 /* Winery.png */ = {isa = PBXFileReference; lastKnownFileType = image.png; path = Winery.png; sourceTree = "<group>"; };
		362EAC9F1C6A7025003BE462 /* Crafter.png */ = {isa = PBXFileReference; lastKnownFileType = image.png; path = Crafter.png; sourceTree = "<group>"; };
		362EACA11C6A703B003BE462 /* Other.png */ = {isa = PBXFileReference; lastKnownFileType = image.png; path = Other.png; sourceTree = "<group>"; };
		362EACA31C6A7045003BE462 /* Direction.png */ = {isa = PBXFileReference; lastKnownFileType = image.png; path = Direction.png; sourceTree = "<group>"; };
		362EACA51C6A7099003BE462 /* Food.png */ = {isa = PBXFileReference; lastKnownFileType = image.png; path = Food.png; sourceTree = "<group>"; };
		364A9CFD1CCA6A7E00F4DB65 /* LaunchImage640x960.png */ = {isa = PBXFileReference; lastKnownFileType = image.png; path = LaunchImage640x960.png; sourceTree = "<group>"; };
		364A9CFE1CCA6A7E00F4DB65 /* LaunchImage640x1136.png */ = {isa = PBXFileReference; lastKnownFileType = image.png; path = LaunchImage640x1136.png; sourceTree = "<group>"; };
		364A9D011CCA8B9A00F4DB65 /* WITW */ = {isa = PBXFileReference; lastKnownFileType = folder; path = WITW; sourceTree = "<group>"; };
		3656E4081C6BCFD100E186B8 /* Food_Tab.png */ = {isa = PBXFileReference; lastKnownFileType = image.png; path = Food_Tab.png; sourceTree = "<group>"; };
		3656E40A1C6BD05000E186B8 /* Music_Tab.png */ = {isa = PBXFileReference; lastKnownFileType = image.png; path = Music_Tab.png; sourceTree = "<group>"; };
		3656E40C1C6BD0BE00E186B8 /* Crafter_Tab.png */ = {isa = PBXFileReference; lastKnownFileType = image.png; path = Crafter_Tab.png; sourceTree = "<group>"; };
		3656E40E1C6BD10D00E186B8 /* Other_Tab.png */ = {isa = PBXFileReference; lastKnownFileType = image.png; path = Other_Tab.png; sourceTree = "<group>"; };
		3656E4101C6BD14100E186B8 /* Sponsors_Tab.png */ = {isa = PBXFileReference; lastKnownFileType = image.png; path = Sponsors_Tab.png; sourceTree = "<group>"; };
		3658C19F1C7BA96500ADAD70 /* Arrow_Left.png */ = {isa = PBXFileReference; lastKnownFileType = image.png; path = Arrow_Left.png; sourceTree = "<group>"; };
		3658C1A11C7BAC3500ADAD70 /* List_White.png */ = {isa = PBXFileReference; lastKnownFileType = image.png; path = List_White.png; sourceTree = "<group>"; };
		367383181C6ADC7B00803C33 /* LocationModel.swift */ = {isa = PBXFileReference; fileEncoding = 4; lastKnownFileType = sourcecode.swift; path = LocationModel.swift; sourceTree = "<group>"; };
		3673831A1C6ADE8900803C33 /* HomeModel.swift */ = {isa = PBXFileReference; fileEncoding = 4; lastKnownFileType = sourcecode.swift; path = HomeModel.swift; sourceTree = "<group>"; };
		36C1EC501C89CAF800707D34 /* 852-map.png */ = {isa = PBXFileReference; lastKnownFileType = image.png; path = "852-map.png"; sourceTree = "<group>"; };
		36C1EC511C89CAF800707D34 /* 881-globe.png */ = {isa = PBXFileReference; lastKnownFileType = image.png; path = "881-globe.png"; sourceTree = "<group>"; };
		36C1EC541C89CBFE00707D34 /* 715-globe.png */ = {isa = PBXFileReference; lastKnownFileType = image.png; path = "715-globe.png"; sourceTree = "<group>"; };
		36C1EC561C89EFB600707D34 /* 750-home.png */ = {isa = PBXFileReference; lastKnownFileType = image.png; path = "750-home.png"; sourceTree = "<group>"; };
		36C1EC581C8A14A000707D34 /* 735-phone.png */ = {isa = PBXFileReference; lastKnownFileType = image.png; path = "735-phone.png"; sourceTree = "<group>"; };
		36D3755A1C6ECD8F00526BE3 /* MapPin.swift */ = {isa = PBXFileReference; fileEncoding = 4; lastKnownFileType = sourcecode.swift; path = MapPin.swift; sourceTree = "<group>"; };
		36EAE5CF1C6CC7D300F79B52 /* Map_Tab.png */ = {isa = PBXFileReference; lastKnownFileType = image.png; path = Map_Tab.png; sourceTree = "<group>"; };
		36EAE5D11C6CCB0B00F79B52 /* Location_Tab.png */ = {isa = PBXFileReference; lastKnownFileType = image.png; path = Location_Tab.png; sourceTree = "<group>"; };
		36EAE5D31C6CCEA300F79B52 /* Left_Tab.png */ = {isa = PBXFileReference; lastKnownFileType = image.png; path = Left_Tab.png; sourceTree = "<group>"; };
		36EAE5D51C6CE42500F79B52 /* HC_Tab.png */ = {isa = PBXFileReference; lastKnownFileType = image.png; path = HC_Tab.png; sourceTree = "<group>"; };
		36EAE5D71C6D300800F79B52 /* Checkedbox.png */ = {isa = PBXFileReference; lastKnownFileType = image.png; path = Checkedbox.png; sourceTree = "<group>"; };
		36EAE5D91C6D301100F79B52 /* Uncheckbox.png */ = {isa = PBXFileReference; lastKnownFileType = image.png; path = Uncheckbox.png; sourceTree = "<group>"; };
/* End PBXFileReference section */

/* Begin PBXFrameworksBuildPhase section */
		362EAC7A1C6A2A96003BE462 /* Frameworks */ = {
			isa = PBXFrameworksBuildPhase;
			buildActionMask = 2147483647;
			files = (
			);
			runOnlyForDeploymentPostprocessing = 0;
		};
/* End PBXFrameworksBuildPhase section */

/* Begin PBXGroup section */
		360B93FE1C6E25A8009CEF78 /* ATM */ = {
			isa = PBXGroup;
			children = (
				360B93F21C6E2593009CEF78 /* ATM 1.png */,
				360B93F31C6E2593009CEF78 /* ATM 2.png */,
				360B93F41C6E2593009CEF78 /* ATM 3.png */,
				360B93F51C6E2593009CEF78 /* ATM 4.png */,
				360B93F61C6E2593009CEF78 /* ATM 5.png */,
				360B93F71C6E2593009CEF78 /* ATM 6.png */,
			);
			name = ATM;
			sourceTree = "<group>";
		};
		360B94051C6E25D5009CEF78 /* Restrooms */ = {
			isa = PBXGroup;
			children = (
				360B93FF1C6E25CA009CEF78 /* Restrooms 1.png */,
				360B94001C6E25CA009CEF78 /* Restrooms 2.png */,
				360B94011C6E25CA009CEF78 /* Restrooms 3.png */,
			);
			name = Restrooms;
			sourceTree = "<group>";
		};
		360B946E1C6E260F009CEF78 /* Crafters */ = {
			isa = PBXGroup;
			children = (
				360B94061C6E2609009CEF78 /* A1.png */,
				360B94071C6E2609009CEF78 /* A2.png */,
				360B94081C6E2609009CEF78 /* A3.png */,
				360B94091C6E2609009CEF78 /* A4.png */,
				360B940A1C6E2609009CEF78 /* A5.png */,
				360B940B1C6E2609009CEF78 /* A6.png */,
				360B940C1C6E2609009CEF78 /* A7.png */,
				360B940D1C6E2609009CEF78 /* A8.png */,
				360B940E1C6E2609009CEF78 /* A9.png */,
				360B940F1C6E2609009CEF78 /* A10.png */,
				360B94101C6E2609009CEF78 /* A11.png */,
				360B94111C6E2609009CEF78 /* A12.png */,
				360B94121C6E2609009CEF78 /* A13.png */,
				360B94131C6E2609009CEF78 /* A14.png */,
				360B94141C6E2609009CEF78 /* A15.png */,
				360B94151C6E2609009CEF78 /* A16.png */,
				360B94161C6E2609009CEF78 /* A17.png */,
				360B94171C6E2609009CEF78 /* A18.png */,
				360B94181C6E2609009CEF78 /* A19.png */,
				360B94191C6E2609009CEF78 /* A20.png */,
				360B941A1C6E2609009CEF78 /* A21.png */,
				360B941B1C6E2609009CEF78 /* A22.png */,
				360B941C1C6E2609009CEF78 /* A23.png */,
				360B941D1C6E2609009CEF78 /* A25.png */,
				360B941E1C6E2609009CEF78 /* A26.png */,
				360B941F1C6E2609009CEF78 /* A27.png */,
				360B94201C6E2609009CEF78 /* A28.png */,
				360B94211C6E2609009CEF78 /* A29.png */,
				360B94221C6E2609009CEF78 /* A30.png */,
				360B94231C6E2609009CEF78 /* A31.png */,
				360B94241C6E2609009CEF78 /* A32.png */,
				360B94251C6E2609009CEF78 /* A33.png */,
				360B94261C6E2609009CEF78 /* A34.png */,
				360B94271C6E2609009CEF78 /* A35.png */,
				360B94281C6E2609009CEF78 /* A24.png */,
				360B94291C6E2609009CEF78 /* A36.png */,
				360B942A1C6E2609009CEF78 /* A37.png */,
				360B942B1C6E2609009CEF78 /* A38.png */,
				360B942C1C6E2609009CEF78 /* A39.png */,
				360B942D1C6E2609009CEF78 /* A40.png */,
				360B942E1C6E2609009CEF78 /* A41.png */,
				360B942F1C6E2609009CEF78 /* A42.png */,
				360B94301C6E2609009CEF78 /* A43.png */,
				360B94311C6E2609009CEF78 /* A44.png */,
				360B94321C6E2609009CEF78 /* A45.png */,
				360B94331C6E2609009CEF78 /* A46.png */,
				360B94341C6E2609009CEF78 /* A47.png */,
				360B94351C6E2609009CEF78 /* A48.png */,
				360B94361C6E2609009CEF78 /* A49.png */,
				360B94371C6E2609009CEF78 /* A50.png */,
				360B94381C6E2609009CEF78 /* A51.png */,
				360B94391C6E2609009CEF78 /* A52.png */,
			);
			name = Crafters;
			sourceTree = "<group>";
		};
		360B94811C6E2643009CEF78 /* Wine Tents */ = {
			isa = PBXGroup;
			children = (
				360B946F1C6E263B009CEF78 /* Wine Tent 1.png */,
				360B94701C6E263B009CEF78 /* Wine Tent 2.png */,
				360B94711C6E263B009CEF78 /* Wine Tent 3.png */,
				360B94721C6E263B009CEF78 /* Wine Tent 4.png */,
				360B94731C6E263B009CEF78 /* Wine Tent 5.png */,
				360B94741C6E263B009CEF78 /* Wine Tent 6.png */,
				360B94751C6E263B009CEF78 /* Wine Tent 7.png */,
				360B94761C6E263B009CEF78 /* Wine Tent 8.png */,
				360B94771C6E263B009CEF78 /* Wine Tent 9.png */,
			);
			name = "Wine Tents";
			sourceTree = "<group>";
		};
		360B94A41C6E2678009CEF78 /* Recycles */ = {
			isa = PBXGroup;
			children = (
				360B94821C6E2671009CEF78 /* Recycle 1.png */,
				360B94831C6E2671009CEF78 /* Recycle 10.png */,
				360B94841C6E2671009CEF78 /* Recycle 11.png */,
				360B94851C6E2671009CEF78 /* Recycle 12.png */,
				360B94861C6E2671009CEF78 /* Recycle 13.png */,
				360B94871C6E2671009CEF78 /* Recycle 14.png */,
				360B94881C6E2671009CEF78 /* Recycle 15.png */,
				360B94891C6E2671009CEF78 /* Recycle 16.png */,
				360B948A1C6E2671009CEF78 /* Recycle 2.png */,
				360B948B1C6E2671009CEF78 /* Recycle 3.png */,
				360B948C1C6E2671009CEF78 /* Recycle 4.png */,
				360B948D1C6E2671009CEF78 /* Recycle 5.png */,
				360B948E1C6E2671009CEF78 /* Recycle 6.png */,
				360B948F1C6E2671009CEF78 /* Recycle 7.png */,
				360B94901C6E2671009CEF78 /* Recycle 8.png */,
				360B94911C6E2671009CEF78 /* Recycle 9.png */,
				360B94921C6E2671009CEF78 /* Recycle.png */,
			);
			name = Recycles;
			sourceTree = "<group>";
		};
		360B94B71C6E26B6009CEF78 /* Specialty Foods */ = {
			isa = PBXGroup;
			children = (
				360B94A51C6E26AB009CEF78 /* 1.png */,
				360B94A61C6E26AB009CEF78 /* 2.png */,
				360B94A71C6E26AB009CEF78 /* 3.png */,
				360B94A81C6E26AB009CEF78 /* 4.png */,
				360B94A91C6E26AB009CEF78 /* 5.png */,
				360B94AA1C6E26AB009CEF78 /* 6.png */,
				360B94AB1C6E26AB009CEF78 /* 7.png */,
				360B94AC1C6E26AB009CEF78 /* 8.png */,
				360B94AD1C6E26AB009CEF78 /* 9.png */,
			);
			name = "Specialty Foods";
			sourceTree = "<group>";
		};
		360B94B81C6E2709009CEF78 /* Sponsors */ = {
			isa = PBXGroup;
			children = (
				360B953D1C6E34AB009CEF78 /* P1.png */,
				360B94B91C6E2724009CEF78 /* Baltimore Sun.png */,
				360B94BA1C6E2724009CEF78 /* Giant Food.png */,
				360B94BB1C6E2724009CEF78 /* Herb Gordon Subaru.png */,
				360B94BC1C6E2724009CEF78 /* Leaf Filter.png */,
				360B94BD1C6E2724009CEF78 /* Loyola University Maryland.png */,
				360B94BE1C6E2724009CEF78 /* Maryland Live Casino.png */,
				360B94BF1C6E2724009CEF78 /* Maryland Lottery.png */,
				360B94C01C6E2724009CEF78 /* Mid-Atlantic Waterproofing.png */,
				360B94C11C6E2724009CEF78 /* Mix 106.5 WWMX-FM.png */,
				360B94C21C6E2724009CEF78 /* Pain and Spine Specialists.png */,
				360B94C31C6E2724009CEF78 /* Renewal by Anderson.png */,
				360B94C41C6E2724009CEF78 /* Smyth Jewelers.png */,
				360B94C51C6E2724009CEF78 /* Solar City.png */,
				360B94C61C6E2724009CEF78 /* Verizon Wireless.png */,
				360B94C71C6E2724009CEF78 /* S1.png */,
				360B94C81C6E2724009CEF78 /* S2.png */,
				360B94C91C6E2724009CEF78 /* S3.png */,
				360B94CA1C6E2724009CEF78 /* S4.png */,
				360B94CB1C6E2724009CEF78 /* S5.png */,
				360B94CC1C6E2724009CEF78 /* S6.png */,
				360B94CD1C6E2724009CEF78 /* S7.png */,
				360B94CE1C6E2724009CEF78 /* S8.png */,
				360B94CF1C6E2724009CEF78 /* S9.png */,
				360B94D01C6E2724009CEF78 /* S10.png */,
				360B94D11C6E2724009CEF78 /* S11.png */,
				360B94D21C6E2724009CEF78 /* S12.png */,
				360B94D31C6E2724009CEF78 /* S13.png */,
				360B94D41C6E2724009CEF78 /* S14.png */,
				360B94D51C6E2724009CEF78 /* S15.png */,
				360B94D61C6E2724009CEF78 /* S16.png */,
			);
			name = Sponsors;
			sourceTree = "<group>";
		};
		360B95131C6E29D3009CEF78 /* Misc */ = {
			isa = PBXGroup;
			children = (
				362AE72D1C735F5B00B1000F /* WineBottle.jpg */,
				360B94F51C6E29C1009CEF78 /* Photo Booth.png */,
				360B94F61C6E29C1009CEF78 /* VIP.png */,
				360B94F71C6E29C1009CEF78 /* Wine Check.png */,
				360B94F81C6E29C1009CEF78 /* Wine Education Tent.png */,
				360B94F91C6E29C1009CEF78 /* Body Art.png */,
				360B94FA1C6E29C1009CEF78 /* Purple Stage.png */,
				360B94FB1C6E29C1009CEF78 /* Information Tent 1.png */,
				360B94FC1C6E29C1009CEF78 /* Information Tent 2.png */,
				360B94FD1C6E29C1009CEF78 /* Information.png */,
				360B94FE1C6E29C1009CEF78 /* Designated Driver 1.png */,
				360B94FF1C6E29C1009CEF78 /* Designated Driver 2.png */,
				360B95001C6E29C1009CEF78 /* Event Merchandise 1.png */,
				360B95011C6E29C1009CEF78 /* Event Merchandise 2.png */,
				360B95021C6E29C1009CEF78 /* First Aid.png */,
				360B95031C6E29C1009CEF78 /* Green Stage.png */,
			);
			name = Misc;
			sourceTree = "<group>";
		};
		360B953C1C6E31C6009CEF78 /* Restaurants */ = {
			isa = PBXGroup;
			children = (
				360B95141C6E31BF009CEF78 /* A.png */,
				360B95151C6E31BF009CEF78 /* B.png */,
				360B95161C6E31BF009CEF78 /* C.png */,
				360B95171C6E31BF009CEF78 /* D.png */,
				360B95181C6E31BF009CEF78 /* E.png */,
				360B95191C6E31BF009CEF78 /* F.png */,
				360B951A1C6E31BF009CEF78 /* G.png */,
				360B951B1C6E31BF009CEF78 /* H.png */,
				360B951C1C6E31BF009CEF78 /* I.png */,
				360B951D1C6E31BF009CEF78 /* J.png */,
				360B951E1C6E31BF009CEF78 /* K.png */,
				360B951F1C6E31BF009CEF78 /* L.png */,
				360B95201C6E31BF009CEF78 /* M.png */,
				360B95211C6E31BF009CEF78 /* N.png */,
				360B95221C6E31BF009CEF78 /* O.png */,
				360B95231C6E31BF009CEF78 /* P.png */,
				360B95241C6E31BF009CEF78 /* Q.png */,
				360B95251C6E31BF009CEF78 /* R.png */,
				360B95261C6E31BF009CEF78 /* S.png */,
				360B95271C6E31BF009CEF78 /* T.png */,
			);
			name = Restaurants;
			sourceTree = "<group>";
		};
		362EAC741C6A2A96003BE462 = {
			isa = PBXGroup;
			children = (
				362EAC7F1C6A2A96003BE462 /* WineInTheWoods */,
				362EAC7E1C6A2A96003BE462 /* Products */,
			);
			sourceTree = "<group>";
		};
		362EAC7E1C6A2A96003BE462 /* Products */ = {
			isa = PBXGroup;
			children = (
				362EAC7D1C6A2A96003BE462 /* WineInTheWoods.app */,
			);
			name = Products;
			sourceTree = "<group>";
		};
		362EAC7F1C6A2A96003BE462 /* WineInTheWoods */ = {
			isa = PBXGroup;
			children = (
				364A9D011CCA8B9A00F4DB65 /* WITW */,
				362EAC941C6A3BEE003BE462 /* Supporting Files */,
				362EAC801C6A2A96003BE462 /* AppDelegate.swift */,
				362EAC821C6A2A96003BE462 /* ViewController.swift */,
				362AE72B1C735E8E00B1000F /* Launch Screen.storyboard */,
				362EAC871C6A2A96003BE462 /* Assets.xcassets */,
				362EAC8C1C6A2A96003BE462 /* Info.plist */,
				362EAC951C6A6517003BE462 /* CustomTableViewCell.swift */,
				367383181C6ADC7B00803C33 /* LocationModel.swift */,
				3673831A1C6ADE8900803C33 /* HomeModel.swift */,
				36D3755A1C6ECD8F00526BE3 /* MapPin.swift */,
			);
			path = WineInTheWoods;
			sourceTree = "<group>";
		};
		362EAC941C6A3BEE003BE462 /* Supporting Files */ = {
			isa = PBXGroup;
			children = (
				360B953C1C6E31C6009CEF78 /* Restaurants */,
				360B95131C6E29D3009CEF78 /* Misc */,
				360B94B81C6E2709009CEF78 /* Sponsors */,
				360B94B71C6E26B6009CEF78 /* Specialty Foods */,
				360B94A41C6E2678009CEF78 /* Recycles */,
				360B94811C6E2643009CEF78 /* Wine Tents */,
				360B946E1C6E260F009CEF78 /* Crafters */,
				360B94051C6E25D5009CEF78 /* Restrooms */,
				360B93FE1C6E25A8009CEF78 /* ATM */,
				36EAE5D91C6D301100F79B52 /* Uncheckbox.png */,
				364A9CFD1CCA6A7E00F4DB65 /* LaunchImage640x960.png */,
				364A9CFE1CCA6A7E00F4DB65 /* LaunchImage640x1136.png */,
				36203B8C1C9300B0002AD265 /* witw header.jpg */,
				36C1EC561C89EFB600707D34 /* 750-home.png */,
				36C1EC581C8A14A000707D34 /* 735-phone.png */,
				3658C19F1C7BA96500ADAD70 /* Arrow_Left.png */,
				3658C1A11C7BAC3500ADAD70 /* List_White.png */,
				362AE72F1C736D5000B1000F /* wiw.png */,
				36EAE5D71C6D300800F79B52 /* Checkedbox.png */,
				36EAE5D51C6CE42500F79B52 /* HC_Tab.png */,
				36EAE5D31C6CCEA300F79B52 /* Left_Tab.png */,
				36EAE5D11C6CCB0B00F79B52 /* Location_Tab.png */,
				362EAC971C6A6648003BE462 /* Winery_Tab.png */,
				3656E40A1C6BD05000E186B8 /* Music_Tab.png */,
				3656E4081C6BCFD100E186B8 /* Food_Tab.png */,
				3656E4101C6BD14100E186B8 /* Sponsors_Tab.png */,
				3656E40E1C6BD10D00E186B8 /* Other_Tab.png */,
				3656E40C1C6BD0BE00E186B8 /* Crafter_Tab.png */,
				36EAE5CF1C6CC7D300F79B52 /* Map_Tab.png */,
				362EAC991C6A7002003BE462 /* Music.png */,
				362EAC9B1C6A700E003BE462 /* Sponsors.png */,
				362EAC9F1C6A7025003BE462 /* Crafter.png */,
				362EAC9D1C6A7017003BE462 /* Winery.png */,
				362EACA31C6A7045003BE462 /* Direction.png */,
				362EACA51C6A7099003BE462 /* Food.png */,
				362EACA11C6A703B003BE462 /* Other.png */,
				36C1EC541C89CBFE00707D34 /* 715-globe.png */,
				36C1EC501C89CAF800707D34 /* 852-map.png */,
				36C1EC511C89CAF800707D34 /* 881-globe.png */,
				362EAC921C6A2F7E003BE462 /* Poster.jpg */,
			);
			name = "Supporting Files";
			sourceTree = "<group>";
		};
/* End PBXGroup section */

/* Begin PBXNativeTarget section */
		362EAC7C1C6A2A96003BE462 /* WineInTheWoods */ = {
			isa = PBXNativeTarget;
			buildConfigurationList = 362EAC8F1C6A2A96003BE462 /* Build configuration list for PBXNativeTarget "WineInTheWoods" */;
			buildPhases = (
				362EAC791C6A2A96003BE462 /* Sources */,
				362EAC7A1C6A2A96003BE462 /* Frameworks */,
				362EAC7B1C6A2A96003BE462 /* Resources */,
			);
			buildRules = (
			);
			dependencies = (
			);
			name = WineInTheWoods;
			productName = WineInTheWoods;
			productReference = 362EAC7D1C6A2A96003BE462 /* WineInTheWoods.app */;
			productType = "com.apple.product-type.application";
		};
/* End PBXNativeTarget section */

/* Begin PBXProject section */
		362EAC751C6A2A96003BE462 /* Project object */ = {
			isa = PBXProject;
			attributes = {
				LastSwiftUpdateCheck = 0720;
				LastUpgradeCheck = 0720;
				ORGANIZATIONNAME = "Yongyuth Phasukyued";
				TargetAttributes = {
					362EAC7C1C6A2A96003BE462 = {
						CreatedOnToolsVersion = 7.2.1;
						DevelopmentTeam = Y9QZN4Z8J5;
					};
				};
			};
			buildConfigurationList = 362EAC781C6A2A96003BE462 /* Build configuration list for PBXProject "WineInTheWoods" */;
			compatibilityVersion = "Xcode 3.2";
			developmentRegion = English;
			hasScannedForEncodings = 0;
			knownRegions = (
				en,
				Base,
			);
			mainGroup = 362EAC741C6A2A96003BE462;
			productRefGroup = 362EAC7E1C6A2A96003BE462 /* Products */;
			projectDirPath = "";
			projectRoot = "";
			targets = (
				362EAC7C1C6A2A96003BE462 /* WineInTheWoods */,
			);
		};
/* End PBXProject section */

/* Begin PBXResourcesBuildPhase section */
		362EAC7B1C6A2A96003BE462 /* Resources */ = {
			isa = PBXResourcesBuildPhase;
			buildActionMask = 2147483647;
			files = (
				360B944C1C6E2609009CEF78 /* A19.png in Resources */,
				360B94441C6E2609009CEF78 /* A11.png in Resources */,
				360B95101C6E29C1009CEF78 /* Event Merchandise 2.png in Resources */,
				360B94DF1C6E2724009CEF78 /* Mix 106.5 WWMX-FM.png in Resources */,
				360B952A1C6E31BF009CEF78 /* C.png in Resources */,
				360B945E1C6E2609009CEF78 /* A37.png in Resources */,
				360B952F1C6E31BF009CEF78 /* H.png in Resources */,
				360B945B1C6E2609009CEF78 /* A35.png in Resources */,
				360B94561C6E2609009CEF78 /* A30.png in Resources */,
				360B94EC1C6E2724009CEF78 /* S8.png in Resources */,
				362AE72E1C735F5B00B1000F /* WineBottle.jpg in Resources */,
				36C1EC531C89CAF800707D34 /* 881-globe.png in Resources */,
				360B94E91C6E2724009CEF78 /* S5.png in Resources */,
				360B94F21C6E2724009CEF78 /* S14.png in Resources */,
				360B947A1C6E263B009CEF78 /* Wine Tent 3.png in Resources */,
				36EAE5D81C6D300800F79B52 /* Checkedbox.png in Resources */,
				360B943D1C6E2609009CEF78 /* A4.png in Resources */,
				36C1EC591C8A14A000707D34 /* 735-phone.png in Resources */,
				360B94961C6E2671009CEF78 /* Recycle 12.png in Resources */,
				360B94541C6E2609009CEF78 /* A28.png in Resources */,
				360B94951C6E2671009CEF78 /* Recycle 11.png in Resources */,
				360B94D81C6E2724009CEF78 /* Giant Food.png in Resources */,
				360B94931C6E2671009CEF78 /* Recycle 1.png in Resources */,
				360B945A1C6E2609009CEF78 /* A34.png in Resources */,
				360B946B1C6E2609009CEF78 /* A50.png in Resources */,
				362EAC931C6A2F7E003BE462 /* Poster.jpg in Resources */,
				360B94651C6E2609009CEF78 /* A44.png in Resources */,
				360B94521C6E2609009CEF78 /* A26.png in Resources */,
				360B94801C6E263B009CEF78 /* Wine Tent 9.png in Resources */,
				360B94041C6E25CA009CEF78 /* Restrooms 3.png in Resources */,
				360B947C1C6E263B009CEF78 /* Wine Tent 5.png in Resources */,
				364A9CFF1CCA6A7E00F4DB65 /* LaunchImage640x960.png in Resources */,
				360B94B41C6E26AB009CEF78 /* 7.png in Resources */,
				360B943E1C6E2609009CEF78 /* A5.png in Resources */,
				360B943B1C6E2609009CEF78 /* A2.png in Resources */,
				360B95281C6E31BF009CEF78 /* A.png in Resources */,
				362EAC9E1C6A7017003BE462 /* Winery.png in Resources */,
				360B94781C6E263B009CEF78 /* Wine Tent 1.png in Resources */,
				360B946C1C6E2609009CEF78 /* A51.png in Resources */,
				360B94481C6E2609009CEF78 /* A15.png in Resources */,
				360B94A21C6E2671009CEF78 /* Recycle 9.png in Resources */,
				360B949D1C6E2671009CEF78 /* Recycle 4.png in Resources */,
				360B95391C6E31BF009CEF78 /* R.png in Resources */,
				36EAE5DA1C6D301100F79B52 /* Uncheckbox.png in Resources */,
				360B95041C6E29C1009CEF78 /* Photo Booth.png in Resources */,
				360B94E51C6E2724009CEF78 /* S1.png in Resources */,
				360B945F1C6E2609009CEF78 /* A38.png in Resources */,
				3656E40F1C6BD10D00E186B8 /* Other_Tab.png in Resources */,
				360B944B1C6E2609009CEF78 /* A18.png in Resources */,
				360B949C1C6E2671009CEF78 /* Recycle 3.png in Resources */,
				360B94411C6E2609009CEF78 /* A8.png in Resources */,
				360B94DE1C6E2724009CEF78 /* Mid-Atlantic Waterproofing.png in Resources */,
				360B94E61C6E2724009CEF78 /* S2.png in Resources */,
				360B952E1C6E31BF009CEF78 /* G.png in Resources */,
				360B950D1C6E29C1009CEF78 /* Designated Driver 1.png in Resources */,
				36EAE5D61C6CE42500F79B52 /* HC_Tab.png in Resources */,
				362AE72C1C735E8E00B1000F /* Launch Screen.storyboard in Resources */,
				360B93FA1C6E2593009CEF78 /* ATM 3.png in Resources */,
				360B95051C6E29C1009CEF78 /* VIP.png in Resources */,
				360B94451C6E2609009CEF78 /* A12.png in Resources */,
				360B94F01C6E2724009CEF78 /* S12.png in Resources */,
				3656E4111C6BD14100E186B8 /* Sponsors_Tab.png in Resources */,
				360B945D1C6E2609009CEF78 /* A36.png in Resources */,
				360B94E21C6E2724009CEF78 /* Smyth Jewelers.png in Resources */,
				360B94E71C6E2724009CEF78 /* S3.png in Resources */,
				360B95321C6E31BF009CEF78 /* K.png in Resources */,
				360B94B51C6E26AB009CEF78 /* 8.png in Resources */,
				360B94021C6E25CA009CEF78 /* Restrooms 1.png in Resources */,
				360B94DD1C6E2724009CEF78 /* Maryland Lottery.png in Resources */,
				360B94991C6E2671009CEF78 /* Recycle 15.png in Resources */,
				360B949F1C6E2671009CEF78 /* Recycle 6.png in Resources */,
				360B94491C6E2609009CEF78 /* A16.png in Resources */,
				360B944F1C6E2609009CEF78 /* A22.png in Resources */,
				360B952C1C6E31BF009CEF78 /* E.png in Resources */,
				360B93FB1C6E2593009CEF78 /* ATM 4.png in Resources */,
				360B949E1C6E2671009CEF78 /* Recycle 5.png in Resources */,
				360B950E1C6E29C1009CEF78 /* Designated Driver 2.png in Resources */,
				360B94621C6E2609009CEF78 /* A41.png in Resources */,
				360B94B01C6E26AB009CEF78 /* 3.png in Resources */,
				360B953B1C6E31BF009CEF78 /* T.png in Resources */,
				360B94A11C6E2671009CEF78 /* Recycle 8.png in Resources */,
				360B95371C6E31BF009CEF78 /* P.png in Resources */,
				360B95061C6E29C1009CEF78 /* Wine Check.png in Resources */,
				360B95311C6E31BF009CEF78 /* J.png in Resources */,
				36C1EC551C89CBFE00707D34 /* 715-globe.png in Resources */,
				360B95351C6E31BF009CEF78 /* N.png in Resources */,
				364A9D021CCA8B9A00F4DB65 /* WITW in Resources */,
				362EACA41C6A7045003BE462 /* Direction.png in Resources */,
				36C1EC521C89CAF800707D34 /* 852-map.png in Resources */,
				362EAC981C6A6648003BE462 /* Winery_Tab.png in Resources */,
				3656E40B1C6BD05000E186B8 /* Music_Tab.png in Resources */,
				360B94511C6E2609009CEF78 /* A25.png in Resources */,
				360B94AF1C6E26AB009CEF78 /* 2.png in Resources */,
				3656E4091C6BCFD100E186B8 /* Food_Tab.png in Resources */,
				360B94DB1C6E2724009CEF78 /* Loyola University Maryland.png in Resources */,
				3658C1A01C7BA96500ADAD70 /* Arrow_Left.png in Resources */,
				360B94421C6E2609009CEF78 /* A9.png in Resources */,
				362EAC9C1C6A700E003BE462 /* Sponsors.png in Resources */,
				360B95091C6E29C1009CEF78 /* Purple Stage.png in Resources */,
				360B95301C6E31BF009CEF78 /* I.png in Resources */,
				360B95111C6E29C1009CEF78 /* First Aid.png in Resources */,
				362AE7301C736D5000B1000F /* wiw.png in Resources */,
				360B94E81C6E2724009CEF78 /* S4.png in Resources */,
				360B94F11C6E2724009CEF78 /* S13.png in Resources */,
				360B947B1C6E263B009CEF78 /* Wine Tent 4.png in Resources */,
				360B94941C6E2671009CEF78 /* Recycle 10.png in Resources */,
				360B953A1C6E31BF009CEF78 /* S.png in Resources */,
				360B946D1C6E2609009CEF78 /* A52.png in Resources */,
				360B94591C6E2609009CEF78 /* A33.png in Resources */,
				360B95121C6E29C1009CEF78 /* Green Stage.png in Resources */,
				360B949A1C6E2671009CEF78 /* Recycle 16.png in Resources */,
				360B94D71C6E2724009CEF78 /* Baltimore Sun.png in Resources */,
				360B947F1C6E263B009CEF78 /* Wine Tent 8.png in Resources */,
				360B947D1C6E263B009CEF78 /* Wine Tent 6.png in Resources */,
				360B95381C6E31BF009CEF78 /* Q.png in Resources */,
				360B94B61C6E26AB009CEF78 /* 9.png in Resources */,
				360B94AE1C6E26AB009CEF78 /* 1.png in Resources */,
				360B94471C6E2609009CEF78 /* A14.png in Resources */,
				360B943A1C6E2609009CEF78 /* A1.png in Resources */,
				362EAC9A1C6A7002003BE462 /* Music.png in Resources */,
				360B94661C6E2609009CEF78 /* A45.png in Resources */,
				360B946A1C6E2609009CEF78 /* A49.png in Resources */,
				360B95331C6E31BF009CEF78 /* L.png in Resources */,
				3656E40D1C6BD0BE00E186B8 /* Crafter_Tab.png in Resources */,
				360B94461C6E2609009CEF78 /* A13.png in Resources */,
				360B93F81C6E2593009CEF78 /* ATM 1.png in Resources */,
				360B949B1C6E2671009CEF78 /* Recycle 2.png in Resources */,
				360B947E1C6E263B009CEF78 /* Wine Tent 7.png in Resources */,
				36203B8D1C9300B0002AD265 /* witw header.jpg in Resources */,
				360B94DA1C6E2724009CEF78 /* Leaf Filter.png in Resources */,
				360B94501C6E2609009CEF78 /* A23.png in Resources */,
				360B94E01C6E2724009CEF78 /* Pain and Spine Specialists.png in Resources */,
				360B94631C6E2609009CEF78 /* A42.png in Resources */,
				360B94DC1C6E2724009CEF78 /* Maryland Live Casino.png in Resources */,
				360B950C1C6E29C1009CEF78 /* Information.png in Resources */,
				360B943F1C6E2609009CEF78 /* A6.png in Resources */,
				362EACA61C6A7099003BE462 /* Food.png in Resources */,
				360B94971C6E2671009CEF78 /* Recycle 13.png in Resources */,
				360B94401C6E2609009CEF78 /* A7.png in Resources */,
				360B94641C6E2609009CEF78 /* A43.png in Resources */,
				36EAE5D41C6CCEA300F79B52 /* Left_Tab.png in Resources */,
				360B950B1C6E29C1009CEF78 /* Information Tent 2.png in Resources */,
				360B944A1C6E2609009CEF78 /* A17.png in Resources */,
				360B950A1C6E29C1009CEF78 /* Information Tent 1.png in Resources */,
				364A9D001CCA6A7E00F4DB65 /* LaunchImage640x1136.png in Resources */,
				360B94581C6E2609009CEF78 /* A32.png in Resources */,
				360B94791C6E263B009CEF78 /* Wine Tent 2.png in Resources */,
				360B952B1C6E31BF009CEF78 /* D.png in Resources */,
				36EAE5D01C6CC7D300F79B52 /* Map_Tab.png in Resources */,
				360B943C1C6E2609009CEF78 /* A3.png in Resources */,
				360B93F91C6E2593009CEF78 /* ATM 2.png in Resources */,
				360B950F1C6E29C1009CEF78 /* Event Merchandise 1.png in Resources */,
				360B94F41C6E2724009CEF78 /* S16.png in Resources */,
				362EAC881C6A2A96003BE462 /* Assets.xcassets in Resources */,
				362EACA01C6A7025003BE462 /* Crafter.png in Resources */,
				360B94EF1C6E2724009CEF78 /* S11.png in Resources */,
				360B945C1C6E2609009CEF78 /* A24.png in Resources */,
				362EACA21C6A703B003BE462 /* Other.png in Resources */,
				360B94EE1C6E2724009CEF78 /* S10.png in Resources */,
				360B94E31C6E2724009CEF78 /* Solar City.png in Resources */,
				360B94D91C6E2724009CEF78 /* Herb Gordon Subaru.png in Resources */,
				3658C1A21C7BAC3500ADAD70 /* List_White.png in Resources */,
				360B94981C6E2671009CEF78 /* Recycle 14.png in Resources */,
				360B94431C6E2609009CEF78 /* A10.png in Resources */,
				360B94E41C6E2724009CEF78 /* Verizon Wireless.png in Resources */,
				360B94B21C6E26AB009CEF78 /* 5.png in Resources */,
				360B94681C6E2609009CEF78 /* A47.png in Resources */,
				360B94A01C6E2671009CEF78 /* Recycle 7.png in Resources */,
				360B95341C6E31BF009CEF78 /* M.png in Resources */,
				360B944E1C6E2609009CEF78 /* A21.png in Resources */,
				360B952D1C6E31BF009CEF78 /* F.png in Resources */,
				36EAE5D21C6CCB0B00F79B52 /* Location_Tab.png in Resources */,
				360B94A31C6E2671009CEF78 /* Recycle.png in Resources */,
				360B94611C6E2609009CEF78 /* A40.png in Resources */,
				360B94551C6E2609009CEF78 /* A29.png in Resources */,
				360B94691C6E2609009CEF78 /* A48.png in Resources */,
				360B953E1C6E34AB009CEF78 /* P1.png in Resources */,
				360B94B11C6E26AB009CEF78 /* 4.png in Resources */,
				36C1EC571C89EFB600707D34 /* 750-home.png in Resources */,
				360B93FD1C6E2593009CEF78 /* ATM 6.png in Resources */,
				360B94571C6E2609009CEF78 /* A31.png in Resources */,
				360B94601C6E2609009CEF78 /* A39.png in Resources */,
				360B94531C6E2609009CEF78 /* A27.png in Resources */,
				360B944D1C6E2609009CEF78 /* A20.png in Resources */,
				360B94F31C6E2724009CEF78 /* S15.png in Resources */,
				360B94E11C6E2724009CEF78 /* Renewal by Anderson.png in Resources */,
				360B94671C6E2609009CEF78 /* A46.png in Resources */,
				360B95081C6E29C1009CEF78 /* Body Art.png in Resources */,
				360B94EB1C6E2724009CEF78 /* S7.png in Resources */,
				360B94ED1C6E2724009CEF78 /* S9.png in Resources */,
				360B94B31C6E26AB009CEF78 /* 6.png in Resources */,
				360B95291C6E31BF009CEF78 /* B.png in Resources */,
				360B94031C6E25CA009CEF78 /* Restrooms 2.png in Resources */,
				360B94EA1C6E2724009CEF78 /* S6.png in Resources */,
				360B93FC1C6E2593009CEF78 /* ATM 5.png in Resources */,
				360B95361C6E31BF009CEF78 /* O.png in Resources */,
				360B95071C6E29C1009CEF78 /* Wine Education Tent.png in Resources */,
			);
			runOnlyForDeploymentPostprocessing = 0;
		};
/* End PBXResourcesBuildPhase section */

/* Begin PBXSourcesBuildPhase section */
		362EAC791C6A2A96003BE462 /* Sources */ = {
			isa = PBXSourcesBuildPhase;
			buildActionMask = 2147483647;
			files = (
				36D3755B1C6ECD8F00526BE3 /* MapPin.swift in Sources */,
				367383191C6ADC7B00803C33 /* LocationModel.swift in Sources */,
				362EAC961C6A6517003BE462 /* CustomTableViewCell.swift in Sources */,
				362EAC831C6A2A96003BE462 /* ViewController.swift in Sources */,
				3673831B1C6ADE8900803C33 /* HomeModel.swift in Sources */,
				362EAC811C6A2A96003BE462 /* AppDelegate.swift in Sources */,
			);
			runOnlyForDeploymentPostprocessing = 0;
		};
/* End PBXSourcesBuildPhase section */

/* Begin XCBuildConfiguration section */
		362EAC8D1C6A2A96003BE462 /* Debug */ = {
			isa = XCBuildConfiguration;
			buildSettings = {
				ALWAYS_SEARCH_USER_PATHS = NO;
				CLANG_CXX_LANGUAGE_STANDARD = "gnu++0x";
				CLANG_CXX_LIBRARY = "libc++";
				CLANG_ENABLE_MODULES = YES;
				CLANG_ENABLE_OBJC_ARC = YES;
				CLANG_WARN_BOOL_CONVERSION = YES;
				CLANG_WARN_CONSTANT_CONVERSION = YES;
				CLANG_WARN_DIRECT_OBJC_ISA_USAGE = YES_ERROR;
				CLANG_WARN_EMPTY_BODY = YES;
				CLANG_WARN_ENUM_CONVERSION = YES;
				CLANG_WARN_INT_CONVERSION = YES;
				CLANG_WARN_OBJC_ROOT_CLASS = YES_ERROR;
				CLANG_WARN_UNREACHABLE_CODE = YES;
				CLANG_WARN__DUPLICATE_METHOD_MATCH = YES;
				"CODE_SIGN_IDENTITY[sdk=iphoneos*]" = "iPhone Developer";
				COPY_PHASE_STRIP = NO;
				DEBUG_INFORMATION_FORMAT = dwarf;
				ENABLE_STRICT_OBJC_MSGSEND = YES;
				ENABLE_TESTABILITY = YES;
				GCC_C_LANGUAGE_STANDARD = gnu99;
				GCC_DYNAMIC_NO_PIC = NO;
				GCC_NO_COMMON_BLOCKS = YES;
				GCC_OPTIMIZATION_LEVEL = 0;
				GCC_PREPROCESSOR_DEFINITIONS = (
					"DEBUG=1",
					"$(inherited)",
				);
				GCC_WARN_64_TO_32_BIT_CONVERSION = YES;
				GCC_WARN_ABOUT_RETURN_TYPE = YES_ERROR;
				GCC_WARN_UNDECLARED_SELECTOR = YES;
				GCC_WARN_UNINITIALIZED_AUTOS = YES_AGGRESSIVE;
				GCC_WARN_UNUSED_FUNCTION = YES;
				GCC_WARN_UNUSED_VARIABLE = YES;
				IPHONEOS_DEPLOYMENT_TARGET = 9.2;
				MTL_ENABLE_DEBUG_INFO = YES;
				ONLY_ACTIVE_ARCH = YES;
				SDKROOT = iphoneos;
				SWIFT_DISABLE_SAFETY_CHECKS = YES;
				SWIFT_INSTALL_OBJC_HEADER = NO;
				SWIFT_OBJC_INTERFACE_HEADER_NAME = "";
				SWIFT_OPTIMIZATION_LEVEL = "-Onone";
			};
			name = Debug;
		};
		362EAC8E1C6A2A96003BE462 /* Release */ = {
			isa = XCBuildConfiguration;
			buildSettings = {
				ALWAYS_SEARCH_USER_PATHS = NO;
				CLANG_CXX_LANGUAGE_STANDARD = "gnu++0x";
				CLANG_CXX_LIBRARY = "libc++";
				CLANG_ENABLE_MODULES = YES;
				CLANG_ENABLE_OBJC_ARC = YES;
				CLANG_WARN_BOOL_CONVERSION = YES;
				CLANG_WARN_CONSTANT_CONVERSION = YES;
				CLANG_WARN_DIRECT_OBJC_ISA_USAGE = YES_ERROR;
				CLANG_WARN_EMPTY_BODY = YES;
				CLANG_WARN_ENUM_CONVERSION = YES;
				CLANG_WARN_INT_CONVERSION = YES;
				CLANG_WARN_OBJC_ROOT_CLASS = YES_ERROR;
				CLANG_WARN_UNREACHABLE_CODE = YES;
				CLANG_WARN__DUPLICATE_METHOD_MATCH = YES;
				"CODE_SIGN_IDENTITY[sdk=iphoneos*]" = "iPhone Developer";
				COPY_PHASE_STRIP = NO;
				DEBUG_INFORMATION_FORMAT = "dwarf-with-dsym";
				ENABLE_NS_ASSERTIONS = NO;
				ENABLE_STRICT_OBJC_MSGSEND = YES;
				GCC_C_LANGUAGE_STANDARD = gnu99;
				GCC_NO_COMMON_BLOCKS = YES;
				GCC_WARN_64_TO_32_BIT_CONVERSION = YES;
				GCC_WARN_ABOUT_RETURN_TYPE = YES_ERROR;
				GCC_WARN_UNDECLARED_SELECTOR = YES;
				GCC_WARN_UNINITIALIZED_AUTOS = YES_AGGRESSIVE;
				GCC_WARN_UNUSED_FUNCTION = YES;
				GCC_WARN_UNUSED_VARIABLE = YES;
				IPHONEOS_DEPLOYMENT_TARGET = 9.2;
				MTL_ENABLE_DEBUG_INFO = NO;
				SDKROOT = iphoneos;
				SWIFT_DISABLE_SAFETY_CHECKS = YES;
				SWIFT_INSTALL_OBJC_HEADER = NO;
				SWIFT_OBJC_INTERFACE_HEADER_NAME = "";
				VALIDATE_PRODUCT = YES;
			};
			name = Release;
		};
		362EAC901C6A2A96003BE462 /* Debug */ = {
			isa = XCBuildConfiguration;
			buildSettings = {
				ASSETCATALOG_COMPILER_APPICON_NAME = AppIcon;
				CLANG_ENABLE_MODULES = YES;
				CODE_SIGN_IDENTITY = "iPhone Developer";
				INFOPLIST_FILE = WineInTheWoods/Info.plist;
				IPHONEOS_DEPLOYMENT_TARGET = 8.0;
				LD_RUNPATH_SEARCH_PATHS = "$(inherited) @executable_path/Frameworks";
				PRODUCT_BUNDLE_IDENTIFIER = gov.howardcountymd.WineInTheWoods;
				PRODUCT_NAME = "$(TARGET_NAME)";
				SWIFT_OBJC_BRIDGING_HEADER = "";
				SWIFT_OPTIMIZATION_LEVEL = "-Onone";
			};
			name = Debug;
		};
		362EAC911C6A2A96003BE462 /* Release */ = {
			isa = XCBuildConfiguration;
			buildSettings = {
				ASSETCATALOG_COMPILER_APPICON_NAME = AppIcon;
				CLANG_ENABLE_MODULES = YES;
				CODE_SIGN_IDENTITY = "iPhone Developer";
				INFOPLIST_FILE = WineInTheWoods/Info.plist;
				IPHONEOS_DEPLOYMENT_TARGET = 8.0;
				LD_RUNPATH_SEARCH_PATHS = "$(inherited) @executable_path/Frameworks";
				PRODUCT_BUNDLE_IDENTIFIER = gov.howardcountymd.WineInTheWoods;
				PRODUCT_NAME = "$(TARGET_NAME)";
				SWIFT_OBJC_BRIDGING_HEADER = "";
			};
			name = Release;
		};
/* End XCBuildConfiguration section */

/* Begin XCConfigurationList section */
		362EAC781C6A2A96003BE462 /* Build configuration list for PBXProject "WineInTheWoods" */ = {
			isa = XCConfigurationList;
			buildConfigurations = (
				362EAC8D1C6A2A96003BE462 /* Debug */,
				362EAC8E1C6A2A96003BE462 /* Release */,
			);
			defaultConfigurationIsVisible = 0;
			defaultConfigurationName = Release;
		};
		362EAC8F1C6A2A96003BE462 /* Build configuration list for PBXNativeTarget "WineInTheWoods" */ = {
			isa = XCConfigurationList;
			buildConfigurations = (
				362EAC901C6A2A96003BE462 /* Debug */,
				362EAC911C6A2A96003BE462 /* Release */,
			);
			defaultConfigurationIsVisible = 0;
			defaultConfigurationName = Release;
		};
/* End XCConfigurationList section */
	};
	rootObject = 362EAC751C6A2A96003BE462 /* Project object */;
}
